// !$*UTF8*$!
{
	archiveVersion = 1;
	classes = {
	};
	objectVersion = 42;
	objects = {

/* Begin PBXBuildFile section */
		1899B40618330B8C00FB4375 /* ofxBaseGui.cpp in Sources */ = {isa = PBXBuildFile; fileRef = 1899B3F518330B8C00FB4375 /* ofxBaseGui.cpp */; };
		1899B40718330B8C00FB4375 /* ofxButton.cpp in Sources */ = {isa = PBXBuildFile; fileRef = 1899B3F718330B8C00FB4375 /* ofxButton.cpp */; };
		1899B40818330B8C00FB4375 /* ofxGuiGroup.cpp in Sources */ = {isa = PBXBuildFile; fileRef = 1899B3FA18330B8C00FB4375 /* ofxGuiGroup.cpp */; };
		1899B40918330B8C00FB4375 /* ofxLabel.cpp in Sources */ = {isa = PBXBuildFile; fileRef = 1899B3FC18330B8C00FB4375 /* ofxLabel.cpp */; };
		1899B40A18330B8C00FB4375 /* ofxPanel.cpp in Sources */ = {isa = PBXBuildFile; fileRef = 1899B3FE18330B8C00FB4375 /* ofxPanel.cpp */; };
		1899B40B18330B8C00FB4375 /* ofxSlider.cpp in Sources */ = {isa = PBXBuildFile; fileRef = 1899B40018330B8C00FB4375 /* ofxSlider.cpp */; };
		1899B40C18330B8C00FB4375 /* ofxSliderGroup.cpp in Sources */ = {isa = PBXBuildFile; fileRef = 1899B40218330B8C00FB4375 /* ofxSliderGroup.cpp */; };
		1899B40D18330B8C00FB4375 /* ofxToggle.cpp in Sources */ = {isa = PBXBuildFile; fileRef = 1899B40418330B8C00FB4375 /* ofxToggle.cpp */; };
		1899B5F418330C5300FB4375 /* Ripple.cpp in Sources */ = {isa = PBXBuildFile; fileRef = 1899B5F218330C5300FB4375 /* Ripple.cpp */; };
		1899B5F818331A0F00FB4375 /* shader.frag in Sources */ = {isa = PBXBuildFile; fileRef = 1899B5F718331A0F00FB4375 /* shader.frag */; };
		1899C96018332B5600FB4375 /* ofxSCBuffer.cpp in Sources */ = {isa = PBXBuildFile; fileRef = 1899B60918332B4000FB4375 /* ofxSCBuffer.cpp */; };
		1899C96118332B5600FB4375 /* ofxSCBus.cpp in Sources */ = {isa = PBXBuildFile; fileRef = 1899B60B18332B4000FB4375 /* ofxSCBus.cpp */; };
		1899C96218332B5600FB4375 /* ofxSCGroup.cpp in Sources */ = {isa = PBXBuildFile; fileRef = 1899B60D18332B4000FB4375 /* ofxSCGroup.cpp */; };
		1899C96318332B5600FB4375 /* ofxSCNode.cpp in Sources */ = {isa = PBXBuildFile; fileRef = 1899B60F18332B4000FB4375 /* ofxSCNode.cpp */; };
		1899C96418332B5600FB4375 /* ofxSCResourceAllocator.cpp in Sources */ = {isa = PBXBuildFile; fileRef = 1899B61118332B4000FB4375 /* ofxSCResourceAllocator.cpp */; };
		1899C96518332B5600FB4375 /* ofxSCServer.cpp in Sources */ = {isa = PBXBuildFile; fileRef = 1899B61318332B4000FB4375 /* ofxSCServer.cpp */; };
		1899C96618332B5600FB4375 /* ofxSCSynth.cpp in Sources */ = {isa = PBXBuildFile; fileRef = 1899B61518332B4000FB4375 /* ofxSCSynth.cpp */; };
		1899CB0818332D9800FB4375 /* IpEndpointName.cpp in Sources */ = {isa = PBXBuildFile; fileRef = 1899CAE218332D9800FB4375 /* IpEndpointName.cpp */; };
		1899CB0918332D9800FB4375 /* NetworkingUtils.cpp in Sources */ = {isa = PBXBuildFile; fileRef = 1899CAE718332D9800FB4375 /* NetworkingUtils.cpp */; };
		1899CB0A18332D9800FB4375 /* UdpSocket.cpp in Sources */ = {isa = PBXBuildFile; fileRef = 1899CAE818332D9800FB4375 /* UdpSocket.cpp */; };
		1899CB0B18332D9800FB4375 /* NetworkingUtilsWin.cpp in Sources */ = {isa = PBXBuildFile; fileRef = 1899CAEC18332D9800FB4375 /* NetworkingUtilsWin.cpp */; };
		1899CB0C18332D9800FB4375 /* UdpSocketWin.cpp in Sources */ = {isa = PBXBuildFile; fileRef = 1899CAED18332D9800FB4375 /* UdpSocketWin.cpp */; };
		1899CB0D18332D9800FB4375 /* OscOutboundPacketStream.cpp in Sources */ = {isa = PBXBuildFile; fileRef = 1899CAF218332D9800FB4375 /* OscOutboundPacketStream.cpp */; };
		1899CB0E18332D9800FB4375 /* OscPrintReceivedElements.cpp in Sources */ = {isa = PBXBuildFile; fileRef = 1899CAF518332D9800FB4375 /* OscPrintReceivedElements.cpp */; };
		1899CB0F18332D9800FB4375 /* OscReceivedElements.cpp in Sources */ = {isa = PBXBuildFile; fileRef = 1899CAF718332D9800FB4375 /* OscReceivedElements.cpp */; };
		1899CB1018332D9800FB4375 /* OscTypes.cpp in Sources */ = {isa = PBXBuildFile; fileRef = 1899CAF918332D9800FB4375 /* OscTypes.cpp */; };
		1899CB1118332D9800FB4375 /* ofxOscBundle.cpp in Sources */ = {isa = PBXBuildFile; fileRef = 1899CAFE18332D9800FB4375 /* ofxOscBundle.cpp */; };
		1899CB1218332D9800FB4375 /* ofxOscMessage.cpp in Sources */ = {isa = PBXBuildFile; fileRef = 1899CB0018332D9800FB4375 /* ofxOscMessage.cpp */; };
		1899CB1318332D9800FB4375 /* ofxOscParameterSync.cpp in Sources */ = {isa = PBXBuildFile; fileRef = 1899CB0218332D9800FB4375 /* ofxOscParameterSync.cpp */; };
		1899CB1418332D9800FB4375 /* ofxOscReceiver.cpp in Sources */ = {isa = PBXBuildFile; fileRef = 1899CB0418332D9800FB4375 /* ofxOscReceiver.cpp */; };
		1899CB1518332D9800FB4375 /* ofxOscSender.cpp in Sources */ = {isa = PBXBuildFile; fileRef = 1899CB0618332D9800FB4375 /* ofxOscSender.cpp */; };
		1899DF5D1833303C00FB4375 /* libscsynth.a in Frameworks */ = {isa = PBXBuildFile; fileRef = 1899DE5E1833303B00FB4375 /* libscsynth.a */; };
		1899DF5E1833303C00FB4375 /* libsndfile.a in Frameworks */ = {isa = PBXBuildFile; fileRef = 1899DE5F1833303B00FB4375 /* libsndfile.a */; };
		1899DF5F1833303C00FB4375 /* ofxSuperColliderServer.cpp in Sources */ = {isa = PBXBuildFile; fileRef = 1899DE611833303C00FB4375 /* ofxSuperColliderServer.cpp */; };
		18F3C8DE18334E7A00A6D092 /* libLeap.dylib in Frameworks */ = {isa = PBXBuildFile; fileRef = 18F3C8C818334E7A00A6D092 /* libLeap.dylib */; };
		18F3C8DF18334E7A00A6D092 /* Leap.lib in Frameworks */ = {isa = PBXBuildFile; fileRef = 18F3C8CB18334E7A00A6D092 /* Leap.lib */; };
		18F3C8E018334E7A00A6D092 /* Leapd.lib in Frameworks */ = {isa = PBXBuildFile; fileRef = 18F3C8CD18334E7A00A6D092 /* Leapd.lib */; };
		18F3C8E118334E7A00A6D092 /* ofxLeapMotion.cpp in Sources */ = {isa = PBXBuildFile; fileRef = 18F3C8D518334E7A00A6D092 /* ofxLeapMotion.cpp */; };
		BBAB23CB13894F3D00AA2426 /* GLUT.framework in CopyFiles */ = {isa = PBXBuildFile; fileRef = BBAB23BE13894E4700AA2426 /* GLUT.framework */; };
		E4328149138ABC9F0047C5CB /* openFrameworksDebug.a in Frameworks */ = {isa = PBXBuildFile; fileRef = E4328148138ABC890047C5CB /* openFrameworksDebug.a */; };
		E45BE97B0E8CC7DD009D7055 /* AGL.framework in Frameworks */ = {isa = PBXBuildFile; fileRef = E45BE9710E8CC7DD009D7055 /* AGL.framework */; };
		E45BE97C0E8CC7DD009D7055 /* ApplicationServices.framework in Frameworks */ = {isa = PBXBuildFile; fileRef = E45BE9720E8CC7DD009D7055 /* ApplicationServices.framework */; };
		E45BE97D0E8CC7DD009D7055 /* AudioToolbox.framework in Frameworks */ = {isa = PBXBuildFile; fileRef = E45BE9730E8CC7DD009D7055 /* AudioToolbox.framework */; };
		E45BE97E0E8CC7DD009D7055 /* Carbon.framework in Frameworks */ = {isa = PBXBuildFile; fileRef = E45BE9740E8CC7DD009D7055 /* Carbon.framework */; };
		E45BE97F0E8CC7DD009D7055 /* CoreAudio.framework in Frameworks */ = {isa = PBXBuildFile; fileRef = E45BE9750E8CC7DD009D7055 /* CoreAudio.framework */; };
		E45BE9800E8CC7DD009D7055 /* CoreFoundation.framework in Frameworks */ = {isa = PBXBuildFile; fileRef = E45BE9760E8CC7DD009D7055 /* CoreFoundation.framework */; };
		E45BE9810E8CC7DD009D7055 /* CoreServices.framework in Frameworks */ = {isa = PBXBuildFile; fileRef = E45BE9770E8CC7DD009D7055 /* CoreServices.framework */; };
		E45BE9830E8CC7DD009D7055 /* OpenGL.framework in Frameworks */ = {isa = PBXBuildFile; fileRef = E45BE9790E8CC7DD009D7055 /* OpenGL.framework */; };
		E45BE9840E8CC7DD009D7055 /* QuickTime.framework in Frameworks */ = {isa = PBXBuildFile; fileRef = E45BE97A0E8CC7DD009D7055 /* QuickTime.framework */; };
		E4B69E200A3A1BDC003C02F2 /* main.cpp in Sources */ = {isa = PBXBuildFile; fileRef = E4B69E1D0A3A1BDC003C02F2 /* main.cpp */; };
		E4B69E210A3A1BDC003C02F2 /* testApp.cpp in Sources */ = {isa = PBXBuildFile; fileRef = E4B69E1E0A3A1BDC003C02F2 /* testApp.cpp */; };
		E4C2424710CC5A17004149E2 /* AppKit.framework in Frameworks */ = {isa = PBXBuildFile; fileRef = E4C2424410CC5A17004149E2 /* AppKit.framework */; };
		E4C2424810CC5A17004149E2 /* Cocoa.framework in Frameworks */ = {isa = PBXBuildFile; fileRef = E4C2424510CC5A17004149E2 /* Cocoa.framework */; };
		E4C2424910CC5A17004149E2 /* IOKit.framework in Frameworks */ = {isa = PBXBuildFile; fileRef = E4C2424610CC5A17004149E2 /* IOKit.framework */; };
		E4EB6799138ADC1D00A09F29 /* GLUT.framework in Frameworks */ = {isa = PBXBuildFile; fileRef = BBAB23BE13894E4700AA2426 /* GLUT.framework */; };
		E7E077E515D3B63C0020DFD4 /* CoreVideo.framework in Frameworks */ = {isa = PBXBuildFile; fileRef = E7E077E415D3B63C0020DFD4 /* CoreVideo.framework */; };
		E7E077E815D3B6510020DFD4 /* QTKit.framework in Frameworks */ = {isa = PBXBuildFile; fileRef = E7E077E715D3B6510020DFD4 /* QTKit.framework */; };
		E7F985F815E0DEA3003869B5 /* Accelerate.framework in Frameworks */ = {isa = PBXBuildFile; fileRef = E7F985F515E0DE99003869B5 /* Accelerate.framework */; };
/* End PBXBuildFile section */

/* Begin PBXContainerItemProxy section */
		E4328147138ABC890047C5CB /* PBXContainerItemProxy */ = {
			isa = PBXContainerItemProxy;
			containerPortal = E4328143138ABC890047C5CB /* openFrameworksLib.xcodeproj */;
			proxyType = 2;
			remoteGlobalIDString = E4B27C1510CBEB8E00536013;
			remoteInfo = openFrameworks;
		};
		E4EEB9AB138B136A00A80321 /* PBXContainerItemProxy */ = {
			isa = PBXContainerItemProxy;
			containerPortal = E4328143138ABC890047C5CB /* openFrameworksLib.xcodeproj */;
			proxyType = 1;
			remoteGlobalIDString = E4B27C1410CBEB8E00536013;
			remoteInfo = openFrameworks;
		};
/* End PBXContainerItemProxy section */

/* Begin PBXCopyFilesBuildPhase section */
		E478497916928FC00043D6F9 /* CopyFiles */ = {
			isa = PBXCopyFilesBuildPhase;
			buildActionMask = 2147483647;
			dstPath = "";
			dstSubfolderSpec = 6;
			files = (
			);
			runOnlyForDeploymentPostprocessing = 0;
		};
		E4C2427710CC5ABF004149E2 /* CopyFiles */ = {
			isa = PBXCopyFilesBuildPhase;
			buildActionMask = 2147483647;
			dstPath = "";
			dstSubfolderSpec = 10;
			files = (
				BBAB23CB13894F3D00AA2426 /* GLUT.framework in CopyFiles */,
			);
			runOnlyForDeploymentPostprocessing = 0;
		};
/* End PBXCopyFilesBuildPhase section */

/* Begin PBXFileReference section */
		1899B3F518330B8C00FB4375 /* ofxBaseGui.cpp */ = {isa = PBXFileReference; fileEncoding = 4; lastKnownFileType = sourcecode.cpp.cpp; path = ofxBaseGui.cpp; sourceTree = "<group>"; };
		1899B3F618330B8C00FB4375 /* ofxBaseGui.h */ = {isa = PBXFileReference; fileEncoding = 4; lastKnownFileType = sourcecode.c.h; path = ofxBaseGui.h; sourceTree = "<group>"; };
		1899B3F718330B8C00FB4375 /* ofxButton.cpp */ = {isa = PBXFileReference; fileEncoding = 4; lastKnownFileType = sourcecode.cpp.cpp; path = ofxButton.cpp; sourceTree = "<group>"; };
		1899B3F818330B8C00FB4375 /* ofxButton.h */ = {isa = PBXFileReference; fileEncoding = 4; lastKnownFileType = sourcecode.c.h; path = ofxButton.h; sourceTree = "<group>"; };
		1899B3F918330B8C00FB4375 /* ofxGui.h */ = {isa = PBXFileReference; fileEncoding = 4; lastKnownFileType = sourcecode.c.h; path = ofxGui.h; sourceTree = "<group>"; };
		1899B3FA18330B8C00FB4375 /* ofxGuiGroup.cpp */ = {isa = PBXFileReference; fileEncoding = 4; lastKnownFileType = sourcecode.cpp.cpp; path = ofxGuiGroup.cpp; sourceTree = "<group>"; };
		1899B3FB18330B8C00FB4375 /* ofxGuiGroup.h */ = {isa = PBXFileReference; fileEncoding = 4; lastKnownFileType = sourcecode.c.h; path = ofxGuiGroup.h; sourceTree = "<group>"; };
		1899B3FC18330B8C00FB4375 /* ofxLabel.cpp */ = {isa = PBXFileReference; fileEncoding = 4; lastKnownFileType = sourcecode.cpp.cpp; path = ofxLabel.cpp; sourceTree = "<group>"; };
		1899B3FD18330B8C00FB4375 /* ofxLabel.h */ = {isa = PBXFileReference; fileEncoding = 4; lastKnownFileType = sourcecode.c.h; path = ofxLabel.h; sourceTree = "<group>"; };
		1899B3FE18330B8C00FB4375 /* ofxPanel.cpp */ = {isa = PBXFileReference; fileEncoding = 4; lastKnownFileType = sourcecode.cpp.cpp; path = ofxPanel.cpp; sourceTree = "<group>"; };
		1899B3FF18330B8C00FB4375 /* ofxPanel.h */ = {isa = PBXFileReference; fileEncoding = 4; lastKnownFileType = sourcecode.c.h; path = ofxPanel.h; sourceTree = "<group>"; };
		1899B40018330B8C00FB4375 /* ofxSlider.cpp */ = {isa = PBXFileReference; fileEncoding = 4; lastKnownFileType = sourcecode.cpp.cpp; path = ofxSlider.cpp; sourceTree = "<group>"; };
		1899B40118330B8C00FB4375 /* ofxSlider.h */ = {isa = PBXFileReference; fileEncoding = 4; lastKnownFileType = sourcecode.c.h; path = ofxSlider.h; sourceTree = "<group>"; };
		1899B40218330B8C00FB4375 /* ofxSliderGroup.cpp */ = {isa = PBXFileReference; fileEncoding = 4; lastKnownFileType = sourcecode.cpp.cpp; path = ofxSliderGroup.cpp; sourceTree = "<group>"; };
		1899B40318330B8C00FB4375 /* ofxSliderGroup.h */ = {isa = PBXFileReference; fileEncoding = 4; lastKnownFileType = sourcecode.c.h; path = ofxSliderGroup.h; sourceTree = "<group>"; };
		1899B40418330B8C00FB4375 /* ofxToggle.cpp */ = {isa = PBXFileReference; fileEncoding = 4; lastKnownFileType = sourcecode.cpp.cpp; path = ofxToggle.cpp; sourceTree = "<group>"; };
		1899B40518330B8C00FB4375 /* ofxToggle.h */ = {isa = PBXFileReference; fileEncoding = 4; lastKnownFileType = sourcecode.c.h; path = ofxToggle.h; sourceTree = "<group>"; };
		1899B42718330B9D00FB4375 /* ofxState.h */ = {isa = PBXFileReference; fileEncoding = 4; lastKnownFileType = sourcecode.c.h; path = ofxState.h; sourceTree = "<group>"; };
		1899B42818330B9D00FB4375 /* ofxStateMachine.h */ = {isa = PBXFileReference; fileEncoding = 4; lastKnownFileType = sourcecode.c.h; path = ofxStateMachine.h; sourceTree = "<group>"; };
		1899B5F218330C5300FB4375 /* Ripple.cpp */ = {isa = PBXFileReference; fileEncoding = 4; lastKnownFileType = sourcecode.cpp.cpp; path = Ripple.cpp; sourceTree = "<group>"; };
		1899B5F318330C5300FB4375 /* Ripple.h */ = {isa = PBXFileReference; fileEncoding = 4; lastKnownFileType = sourcecode.c.h; path = Ripple.h; sourceTree = "<group>"; };
		1899B5F518330C8D00FB4375 /* SharedData.h */ = {isa = PBXFileReference; fileEncoding = 4; lastKnownFileType = sourcecode.c.h; path = SharedData.h; sourceTree = "<group>"; };
		1899B5F718331A0F00FB4375 /* shader.frag */ = {isa = PBXFileReference; fileEncoding = 4; lastKnownFileType = sourcecode.glsl; name = shader.frag; path = bin/data/shader.frag; sourceTree = SOURCE_ROOT; };
		1899B60918332B4000FB4375 /* ofxSCBuffer.cpp */ = {isa = PBXFileReference; fileEncoding = 4; lastKnownFileType = sourcecode.cpp.cpp; path = ofxSCBuffer.cpp; sourceTree = "<group>"; };
		1899B60A18332B4000FB4375 /* ofxSCBuffer.h */ = {isa = PBXFileReference; fileEncoding = 4; lastKnownFileType = sourcecode.c.h; path = ofxSCBuffer.h; sourceTree = "<group>"; };
		1899B60B18332B4000FB4375 /* ofxSCBus.cpp */ = {isa = PBXFileReference; fileEncoding = 4; lastKnownFileType = sourcecode.cpp.cpp; path = ofxSCBus.cpp; sourceTree = "<group>"; };
		1899B60C18332B4000FB4375 /* ofxSCBus.h */ = {isa = PBXFileReference; fileEncoding = 4; lastKnownFileType = sourcecode.c.h; path = ofxSCBus.h; sourceTree = "<group>"; };
		1899B60D18332B4000FB4375 /* ofxSCGroup.cpp */ = {isa = PBXFileReference; fileEncoding = 4; lastKnownFileType = sourcecode.cpp.cpp; path = ofxSCGroup.cpp; sourceTree = "<group>"; };
		1899B60E18332B4000FB4375 /* ofxSCGroup.h */ = {isa = PBXFileReference; fileEncoding = 4; lastKnownFileType = sourcecode.c.h; path = ofxSCGroup.h; sourceTree = "<group>"; };
		1899B60F18332B4000FB4375 /* ofxSCNode.cpp */ = {isa = PBXFileReference; fileEncoding = 4; lastKnownFileType = sourcecode.cpp.cpp; path = ofxSCNode.cpp; sourceTree = "<group>"; };
		1899B61018332B4000FB4375 /* ofxSCNode.h */ = {isa = PBXFileReference; fileEncoding = 4; lastKnownFileType = sourcecode.c.h; path = ofxSCNode.h; sourceTree = "<group>"; };
		1899B61118332B4000FB4375 /* ofxSCResourceAllocator.cpp */ = {isa = PBXFileReference; fileEncoding = 4; lastKnownFileType = sourcecode.cpp.cpp; path = ofxSCResourceAllocator.cpp; sourceTree = "<group>"; };
		1899B61218332B4000FB4375 /* ofxSCResourceAllocator.h */ = {isa = PBXFileReference; fileEncoding = 4; lastKnownFileType = sourcecode.c.h; path = ofxSCResourceAllocator.h; sourceTree = "<group>"; };
		1899B61318332B4000FB4375 /* ofxSCServer.cpp */ = {isa = PBXFileReference; fileEncoding = 4; lastKnownFileType = sourcecode.cpp.cpp; path = ofxSCServer.cpp; sourceTree = "<group>"; };
		1899B61418332B4000FB4375 /* ofxSCServer.h */ = {isa = PBXFileReference; fileEncoding = 4; lastKnownFileType = sourcecode.c.h; path = ofxSCServer.h; sourceTree = "<group>"; };
		1899B61518332B4000FB4375 /* ofxSCSynth.cpp */ = {isa = PBXFileReference; fileEncoding = 4; lastKnownFileType = sourcecode.cpp.cpp; path = ofxSCSynth.cpp; sourceTree = "<group>"; };
		1899B61618332B4000FB4375 /* ofxSCSynth.h */ = {isa = PBXFileReference; fileEncoding = 4; lastKnownFileType = sourcecode.c.h; path = ofxSCSynth.h; sourceTree = "<group>"; };
		1899B61718332B4000FB4375 /* ofxSuperCollider.h */ = {isa = PBXFileReference; fileEncoding = 4; lastKnownFileType = sourcecode.c.h; path = ofxSuperCollider.h; sourceTree = "<group>"; };
		1899CAE218332D9800FB4375 /* IpEndpointName.cpp */ = {isa = PBXFileReference; fileEncoding = 4; lastKnownFileType = sourcecode.cpp.cpp; path = IpEndpointName.cpp; sourceTree = "<group>"; };
		1899CAE318332D9800FB4375 /* IpEndpointName.h */ = {isa = PBXFileReference; fileEncoding = 4; lastKnownFileType = sourcecode.c.h; path = IpEndpointName.h; sourceTree = "<group>"; };
		1899CAE418332D9800FB4375 /* NetworkingUtils.h */ = {isa = PBXFileReference; fileEncoding = 4; lastKnownFileType = sourcecode.c.h; path = NetworkingUtils.h; sourceTree = "<group>"; };
		1899CAE518332D9800FB4375 /* PacketListener.h */ = {isa = PBXFileReference; fileEncoding = 4; lastKnownFileType = sourcecode.c.h; path = PacketListener.h; sourceTree = "<group>"; };
		1899CAE718332D9800FB4375 /* NetworkingUtils.cpp */ = {isa = PBXFileReference; fileEncoding = 4; lastKnownFileType = sourcecode.cpp.cpp; path = NetworkingUtils.cpp; sourceTree = "<group>"; };
		1899CAE818332D9800FB4375 /* UdpSocket.cpp */ = {isa = PBXFileReference; fileEncoding = 4; lastKnownFileType = sourcecode.cpp.cpp; path = UdpSocket.cpp; sourceTree = "<group>"; };
		1899CAE918332D9800FB4375 /* TimerListener.h */ = {isa = PBXFileReference; fileEncoding = 4; lastKnownFileType = sourcecode.c.h; path = TimerListener.h; sourceTree = "<group>"; };
		1899CAEA18332D9800FB4375 /* UdpSocket.h */ = {isa = PBXFileReference; fileEncoding = 4; lastKnownFileType = sourcecode.c.h; path = UdpSocket.h; sourceTree = "<group>"; };
		1899CAEC18332D9800FB4375 /* NetworkingUtilsWin.cpp */ = {isa = PBXFileReference; fileEncoding = 4; lastKnownFileType = sourcecode.cpp.cpp; path = NetworkingUtilsWin.cpp; sourceTree = "<group>"; };
		1899CAED18332D9800FB4375 /* UdpSocketWin.cpp */ = {isa = PBXFileReference; fileEncoding = 4; lastKnownFileType = sourcecode.cpp.cpp; path = UdpSocketWin.cpp; sourceTree = "<group>"; };
		1899CAEF18332D9800FB4375 /* MessageMappingOscPacketListener.h */ = {isa = PBXFileReference; fileEncoding = 4; lastKnownFileType = sourcecode.c.h; path = MessageMappingOscPacketListener.h; sourceTree = "<group>"; };
		1899CAF018332D9800FB4375 /* OscException.h */ = {isa = PBXFileReference; fileEncoding = 4; lastKnownFileType = sourcecode.c.h; path = OscException.h; sourceTree = "<group>"; };
		1899CAF118332D9800FB4375 /* OscHostEndianness.h */ = {isa = PBXFileReference; fileEncoding = 4; lastKnownFileType = sourcecode.c.h; path = OscHostEndianness.h; sourceTree = "<group>"; };
		1899CAF218332D9800FB4375 /* OscOutboundPacketStream.cpp */ = {isa = PBXFileReference; fileEncoding = 4; lastKnownFileType = sourcecode.cpp.cpp; path = OscOutboundPacketStream.cpp; sourceTree = "<group>"; };
		1899CAF318332D9800FB4375 /* OscOutboundPacketStream.h */ = {isa = PBXFileReference; fileEncoding = 4; lastKnownFileType = sourcecode.c.h; path = OscOutboundPacketStream.h; sourceTree = "<group>"; };
		1899CAF418332D9800FB4375 /* OscPacketListener.h */ = {isa = PBXFileReference; fileEncoding = 4; lastKnownFileType = sourcecode.c.h; path = OscPacketListener.h; sourceTree = "<group>"; };
		1899CAF518332D9800FB4375 /* OscPrintReceivedElements.cpp */ = {isa = PBXFileReference; fileEncoding = 4; lastKnownFileType = sourcecode.cpp.cpp; path = OscPrintReceivedElements.cpp; sourceTree = "<group>"; };
		1899CAF618332D9800FB4375 /* OscPrintReceivedElements.h */ = {isa = PBXFileReference; fileEncoding = 4; lastKnownFileType = sourcecode.c.h; path = OscPrintReceivedElements.h; sourceTree = "<group>"; };
		1899CAF718332D9800FB4375 /* OscReceivedElements.cpp */ = {isa = PBXFileReference; fileEncoding = 4; lastKnownFileType = sourcecode.cpp.cpp; path = OscReceivedElements.cpp; sourceTree = "<group>"; };
		1899CAF818332D9800FB4375 /* OscReceivedElements.h */ = {isa = PBXFileReference; fileEncoding = 4; lastKnownFileType = sourcecode.c.h; path = OscReceivedElements.h; sourceTree = "<group>"; };
		1899CAF918332D9800FB4375 /* OscTypes.cpp */ = {isa = PBXFileReference; fileEncoding = 4; lastKnownFileType = sourcecode.cpp.cpp; path = OscTypes.cpp; sourceTree = "<group>"; };
		1899CAFA18332D9800FB4375 /* OscTypes.h */ = {isa = PBXFileReference; fileEncoding = 4; lastKnownFileType = sourcecode.c.h; path = OscTypes.h; sourceTree = "<group>"; };
		1899CAFC18332D9800FB4375 /* ofxOsc.h */ = {isa = PBXFileReference; fileEncoding = 4; lastKnownFileType = sourcecode.c.h; path = ofxOsc.h; sourceTree = "<group>"; };
		1899CAFD18332D9800FB4375 /* ofxOscArg.h */ = {isa = PBXFileReference; fileEncoding = 4; lastKnownFileType = sourcecode.c.h; path = ofxOscArg.h; sourceTree = "<group>"; };
		1899CAFE18332D9800FB4375 /* ofxOscBundle.cpp */ = {isa = PBXFileReference; fileEncoding = 4; lastKnownFileType = sourcecode.cpp.cpp; path = ofxOscBundle.cpp; sourceTree = "<group>"; };
		1899CAFF18332D9800FB4375 /* ofxOscBundle.h */ = {isa = PBXFileReference; fileEncoding = 4; lastKnownFileType = sourcecode.c.h; path = ofxOscBundle.h; sourceTree = "<group>"; };
		1899CB0018332D9800FB4375 /* ofxOscMessage.cpp */ = {isa = PBXFileReference; fileEncoding = 4; lastKnownFileType = sourcecode.cpp.cpp; path = ofxOscMessage.cpp; sourceTree = "<group>"; };
		1899CB0118332D9800FB4375 /* ofxOscMessage.h */ = {isa = PBXFileReference; fileEncoding = 4; lastKnownFileType = sourcecode.c.h; path = ofxOscMessage.h; sourceTree = "<group>"; };
		1899CB0218332D9800FB4375 /* ofxOscParameterSync.cpp */ = {isa = PBXFileReference; fileEncoding = 4; lastKnownFileType = sourcecode.cpp.cpp; path = ofxOscParameterSync.cpp; sourceTree = "<group>"; };
		1899CB0318332D9800FB4375 /* ofxOscParameterSync.h */ = {isa = PBXFileReference; fileEncoding = 4; lastKnownFileType = sourcecode.c.h; path = ofxOscParameterSync.h; sourceTree = "<group>"; };
		1899CB0418332D9800FB4375 /* ofxOscReceiver.cpp */ = {isa = PBXFileReference; fileEncoding = 4; lastKnownFileType = sourcecode.cpp.cpp; path = ofxOscReceiver.cpp; sourceTree = "<group>"; };
		1899CB0518332D9800FB4375 /* ofxOscReceiver.h */ = {isa = PBXFileReference; fileEncoding = 4; lastKnownFileType = sourcecode.c.h; path = ofxOscReceiver.h; sourceTree = "<group>"; };
		1899CB0618332D9800FB4375 /* ofxOscSender.cpp */ = {isa = PBXFileReference; fileEncoding = 4; lastKnownFileType = sourcecode.cpp.cpp; path = ofxOscSender.cpp; sourceTree = "<group>"; };
		1899CB0718332D9800FB4375 /* ofxOscSender.h */ = {isa = PBXFileReference; fileEncoding = 4; lastKnownFileType = sourcecode.c.h; path = ofxOscSender.h; sourceTree = "<group>"; };
		1899DE171833303B00FB4375 /* dfftlib.h */ = {isa = PBXFileReference; fileEncoding = 4; lastKnownFileType = sourcecode.c.h; path = dfftlib.h; sourceTree = "<group>"; };
		1899DE181833303B00FB4375 /* fftlib.h */ = {isa = PBXFileReference; fileEncoding = 4; lastKnownFileType = sourcecode.c.h; path = fftlib.h; sourceTree = "<group>"; };
		1899DE191833303B00FB4375 /* SC_AllocPool.h */ = {isa = PBXFileReference; fileEncoding = 4; lastKnownFileType = sourcecode.c.h; path = SC_AllocPool.h; sourceTree = "<group>"; };
		1899DE1A1833303B00FB4375 /* SC_Altivec.h */ = {isa = PBXFileReference; fileEncoding = 4; lastKnownFileType = sourcecode.c.h; path = SC_Altivec.h; sourceTree = "<group>"; };
		1899DE1B1833303B00FB4375 /* SC_DirUtils.h */ = {isa = PBXFileReference; fileEncoding = 4; lastKnownFileType = sourcecode.c.h; path = SC_DirUtils.h; sourceTree = "<group>"; };
		1899DE1C1833303B00FB4375 /* SC_Endian.h */ = {isa = PBXFileReference; fileEncoding = 4; lastKnownFileType = sourcecode.c.h; path = SC_Endian.h; sourceTree = "<group>"; };
		1899DE1D1833303B00FB4375 /* SC_fftlib.h */ = {isa = PBXFileReference; fileEncoding = 4; lastKnownFileType = sourcecode.c.h; path = SC_fftlib.h; sourceTree = "<group>"; };
		1899DE1E1833303B00FB4375 /* SC_FIFO.h */ = {isa = PBXFileReference; fileEncoding = 4; lastKnownFileType = sourcecode.c.h; path = SC_FIFO.h; sourceTree = "<group>"; };
		1899DE1F1833303B00FB4375 /* sc_popen.h */ = {isa = PBXFileReference; fileEncoding = 4; lastKnownFileType = sourcecode.c.h; path = sc_popen.h; sourceTree = "<group>"; };
		1899DE201833303B00FB4375 /* SC_Reply.h */ = {isa = PBXFileReference; fileEncoding = 4; lastKnownFileType = sourcecode.c.h; path = SC_Reply.h; sourceTree = "<group>"; };
		1899DE211833303B00FB4375 /* SC_Sem.h */ = {isa = PBXFileReference; fileEncoding = 4; lastKnownFileType = sourcecode.c.h; path = SC_Sem.h; sourceTree = "<group>"; };
		1899DE221833303B00FB4375 /* SC_StandAloneInfo_Darwin.h */ = {isa = PBXFileReference; fileEncoding = 4; lastKnownFileType = sourcecode.c.h; path = SC_StandAloneInfo_Darwin.h; sourceTree = "<group>"; };
		1899DE231833303B00FB4375 /* SC_StringBuffer.h */ = {isa = PBXFileReference; fileEncoding = 4; lastKnownFileType = sourcecode.c.h; path = SC_StringBuffer.h; sourceTree = "<group>"; };
		1899DE241833303B00FB4375 /* SC_StringParser.h */ = {isa = PBXFileReference; fileEncoding = 4; lastKnownFileType = sourcecode.c.h; path = SC_StringParser.h; sourceTree = "<group>"; };
		1899DE251833303B00FB4375 /* SC_VFP11.h */ = {isa = PBXFileReference; fileEncoding = 4; lastKnownFileType = sourcecode.c.h; path = SC_VFP11.h; sourceTree = "<group>"; };
		1899DE261833303B00FB4375 /* SC_Win32Utils.h */ = {isa = PBXFileReference; fileEncoding = 4; lastKnownFileType = sourcecode.c.h; path = SC_Win32Utils.h; sourceTree = "<group>"; };
		1899DE271833303B00FB4375 /* scsynthsend.h */ = {isa = PBXFileReference; fileEncoding = 4; lastKnownFileType = sourcecode.c.h; path = scsynthsend.h; sourceTree = "<group>"; };
		1899DE291833303B00FB4375 /* clz.h */ = {isa = PBXFileReference; fileEncoding = 4; lastKnownFileType = sourcecode.c.h; path = clz.h; sourceTree = "<group>"; };
		1899DE2A1833303B00FB4375 /* Hash.h */ = {isa = PBXFileReference; fileEncoding = 4; lastKnownFileType = sourcecode.c.h; path = Hash.h; sourceTree = "<group>"; };
		1899DE2B1833303B00FB4375 /* SC_BoundsMacros.h */ = {isa = PBXFileReference; fileEncoding = 4; lastKnownFileType = sourcecode.c.h; path = SC_BoundsMacros.h; sourceTree = "<group>"; };
		1899DE2C1833303B00FB4375 /* SC_BufGen.h */ = {isa = PBXFileReference; fileEncoding = 4; lastKnownFileType = sourcecode.c.h; path = SC_BufGen.h; sourceTree = "<group>"; };
		1899DE2D1833303B00FB4375 /* SC_Constants.h */ = {isa = PBXFileReference; fileEncoding = 4; lastKnownFileType = sourcecode.c.h; path = SC_Constants.h; sourceTree = "<group>"; };
		1899DE2E1833303B00FB4375 /* SC_DemandUnit.h */ = {isa = PBXFileReference; fileEncoding = 4; lastKnownFileType = sourcecode.c.h; path = SC_DemandUnit.h; sourceTree = "<group>"; };
		1899DE2F1833303B00FB4375 /* SC_FifoMsg.h */ = {isa = PBXFileReference; fileEncoding = 4; lastKnownFileType = sourcecode.c.h; path = SC_FifoMsg.h; sourceTree = "<group>"; };
		1899DE301833303B00FB4375 /* SC_Graph.h */ = {isa = PBXFileReference; fileEncoding = 4; lastKnownFileType = sourcecode.c.h; path = SC_Graph.h; sourceTree = "<group>"; };
		1899DE311833303B00FB4375 /* SC_InlineBinaryOp.h */ = {isa = PBXFileReference; fileEncoding = 4; lastKnownFileType = sourcecode.c.h; path = SC_InlineBinaryOp.h; sourceTree = "<group>"; };
		1899DE321833303B00FB4375 /* SC_InlineUnaryOp.h */ = {isa = PBXFileReference; fileEncoding = 4; lastKnownFileType = sourcecode.c.h; path = SC_InlineUnaryOp.h; sourceTree = "<group>"; };
		1899DE331833303B00FB4375 /* SC_InterfaceTable.h */ = {isa = PBXFileReference; fileEncoding = 4; lastKnownFileType = sourcecode.c.h; path = SC_InterfaceTable.h; sourceTree = "<group>"; };
		1899DE341833303B00FB4375 /* sc_msg_iter.h */ = {isa = PBXFileReference; fileEncoding = 4; lastKnownFileType = sourcecode.c.h; path = sc_msg_iter.h; sourceTree = "<group>"; };
		1899DE351833303B00FB4375 /* SC_Node.h */ = {isa = PBXFileReference; fileEncoding = 4; lastKnownFileType = sourcecode.c.h; path = SC_Node.h; sourceTree = "<group>"; };
		1899DE361833303B00FB4375 /* SC_PlugIn.h */ = {isa = PBXFileReference; fileEncoding = 4; lastKnownFileType = sourcecode.c.h; path = SC_PlugIn.h; sourceTree = "<group>"; };
		1899DE371833303B00FB4375 /* SC_Rate.h */ = {isa = PBXFileReference; fileEncoding = 4; lastKnownFileType = sourcecode.c.h; path = SC_Rate.h; sourceTree = "<group>"; };
		1899DE381833303B00FB4375 /* SC_RGen.h */ = {isa = PBXFileReference; fileEncoding = 4; lastKnownFileType = sourcecode.c.h; path = SC_RGen.h; sourceTree = "<group>"; };
		1899DE391833303B00FB4375 /* SC_SndBuf.h */ = {isa = PBXFileReference; fileEncoding = 4; lastKnownFileType = sourcecode.c.h; path = SC_SndBuf.h; sourceTree = "<group>"; };
		1899DE3A1833303B00FB4375 /* SC_sndfile_stub.h */ = {isa = PBXFileReference; fileEncoding = 4; lastKnownFileType = sourcecode.c.h; path = SC_sndfile_stub.h; sourceTree = "<group>"; };
		1899DE3B1833303B00FB4375 /* SC_Types.h */ = {isa = PBXFileReference; fileEncoding = 4; lastKnownFileType = sourcecode.c.h; path = SC_Types.h; sourceTree = "<group>"; };
		1899DE3C1833303B00FB4375 /* SC_Unit.h */ = {isa = PBXFileReference; fileEncoding = 4; lastKnownFileType = sourcecode.c.h; path = SC_Unit.h; sourceTree = "<group>"; };
		1899DE3D1833303B00FB4375 /* SC_Wire.h */ = {isa = PBXFileReference; fileEncoding = 4; lastKnownFileType = sourcecode.c.h; path = SC_Wire.h; sourceTree = "<group>"; };
		1899DE3E1833303B00FB4375 /* SC_World.h */ = {isa = PBXFileReference; fileEncoding = 4; lastKnownFileType = sourcecode.c.h; path = SC_World.h; sourceTree = "<group>"; };
		1899DE3F1833303B00FB4375 /* SC_WorldOptions.h */ = {isa = PBXFileReference; fileEncoding = 4; lastKnownFileType = sourcecode.c.h; path = SC_WorldOptions.h; sourceTree = "<group>"; };
		1899DE401833303B00FB4375 /* Unroll.h */ = {isa = PBXFileReference; fileEncoding = 4; lastKnownFileType = sourcecode.c.h; path = Unroll.h; sourceTree = "<group>"; };
		1899DE421833303B00FB4375 /* HashTable.h */ = {isa = PBXFileReference; fileEncoding = 4; lastKnownFileType = sourcecode.c.h; path = HashTable.h; sourceTree = "<group>"; };
		1899DE431833303B00FB4375 /* MsgFifo.h */ = {isa = PBXFileReference; fileEncoding = 4; lastKnownFileType = sourcecode.c.h; path = MsgFifo.h; sourceTree = "<group>"; };
		1899DE441833303B00FB4375 /* OSC_Packet.h */ = {isa = PBXFileReference; fileEncoding = 4; lastKnownFileType = sourcecode.c.h; path = OSC_Packet.h; sourceTree = "<group>"; };
		1899DE451833303B00FB4375 /* PriorityQueue.h */ = {isa = PBXFileReference; fileEncoding = 4; lastKnownFileType = sourcecode.c.h; path = PriorityQueue.h; sourceTree = "<group>"; };
		1899DE461833303B00FB4375 /* ReadWriteMacros.h */ = {isa = PBXFileReference; fileEncoding = 4; lastKnownFileType = sourcecode.c.h; path = ReadWriteMacros.h; sourceTree = "<group>"; };
		1899DE471833303B00FB4375 /* Rendezvous.h */ = {isa = PBXFileReference; fileEncoding = 4; lastKnownFileType = sourcecode.c.h; path = Rendezvous.h; sourceTree = "<group>"; };
		1899DE481833303B00FB4375 /* SC_AU.h */ = {isa = PBXFileReference; fileEncoding = 4; lastKnownFileType = sourcecode.c.h; path = SC_AU.h; sourceTree = "<group>"; };
		1899DE491833303B00FB4375 /* SC_Complex.h */ = {isa = PBXFileReference; fileEncoding = 4; lastKnownFileType = sourcecode.c.h; path = SC_Complex.h; sourceTree = "<group>"; };
		1899DE4A1833303B00FB4375 /* SC_ComPort.h */ = {isa = PBXFileReference; fileEncoding = 4; lastKnownFileType = sourcecode.c.h; path = SC_ComPort.h; sourceTree = "<group>"; };
		1899DE4B1833303B00FB4375 /* SC_CoreAudio.h */ = {isa = PBXFileReference; fileEncoding = 4; lastKnownFileType = sourcecode.c.h; path = SC_CoreAudio.h; sourceTree = "<group>"; };
		1899DE4C1833303B00FB4375 /* SC_Errors.h */ = {isa = PBXFileReference; fileEncoding = 4; lastKnownFileType = sourcecode.c.h; path = SC_Errors.h; sourceTree = "<group>"; };
		1899DE4D1833303B00FB4375 /* SC_GraphDef.h */ = {isa = PBXFileReference; fileEncoding = 4; lastKnownFileType = sourcecode.c.h; path = SC_GraphDef.h; sourceTree = "<group>"; };
		1899DE4E1833303B00FB4375 /* SC_Group.h */ = {isa = PBXFileReference; fileEncoding = 4; lastKnownFileType = sourcecode.c.h; path = SC_Group.h; sourceTree = "<group>"; };
		1899DE4F1833303B00FB4375 /* SC_HiddenWorld.h */ = {isa = PBXFileReference; fileEncoding = 4; lastKnownFileType = sourcecode.c.h; path = SC_HiddenWorld.h; sourceTree = "<group>"; };
		1899DE501833303B00FB4375 /* SC_Lib.h */ = {isa = PBXFileReference; fileEncoding = 4; lastKnownFileType = sourcecode.c.h; path = SC_Lib.h; sourceTree = "<group>"; };
		1899DE511833303B00FB4375 /* SC_Lib_Cintf.h */ = {isa = PBXFileReference; fileEncoding = 4; lastKnownFileType = sourcecode.c.h; path = SC_Lib_Cintf.h; sourceTree = "<group>"; };
		1899DE521833303B00FB4375 /* SC_List.h */ = {isa = PBXFileReference; fileEncoding = 4; lastKnownFileType = sourcecode.c.h; path = SC_List.h; sourceTree = "<group>"; };
		1899DE531833303B00FB4375 /* SC_Lock.h */ = {isa = PBXFileReference; fileEncoding = 4; lastKnownFileType = sourcecode.c.h; path = SC_Lock.h; sourceTree = "<group>"; };
		1899DE541833303B00FB4375 /* SC_Prototypes.h */ = {isa = PBXFileReference; fileEncoding = 4; lastKnownFileType = sourcecode.c.h; path = SC_Prototypes.h; sourceTree = "<group>"; };
		1899DE551833303B00FB4375 /* SC_Samp.h */ = {isa = PBXFileReference; fileEncoding = 4; lastKnownFileType = sourcecode.c.h; path = SC_Samp.h; sourceTree = "<group>"; };
		1899DE561833303B00FB4375 /* SC_SequencedCommand.h */ = {isa = PBXFileReference; fileEncoding = 4; lastKnownFileType = sourcecode.c.h; path = SC_SequencedCommand.h; sourceTree = "<group>"; };
		1899DE571833303B00FB4375 /* SC_Str4.h */ = {isa = PBXFileReference; fileEncoding = 4; lastKnownFileType = sourcecode.c.h; path = SC_Str4.h; sourceTree = "<group>"; };
		1899DE581833303B00FB4375 /* SC_SyncCondition.h */ = {isa = PBXFileReference; fileEncoding = 4; lastKnownFileType = sourcecode.c.h; path = SC_SyncCondition.h; sourceTree = "<group>"; };
		1899DE591833303B00FB4375 /* SC_SynthDef.h */ = {isa = PBXFileReference; fileEncoding = 4; lastKnownFileType = sourcecode.c.h; path = SC_SynthDef.h; sourceTree = "<group>"; };
		1899DE5A1833303B00FB4375 /* SC_UnitDef.h */ = {isa = PBXFileReference; fileEncoding = 4; lastKnownFileType = sourcecode.c.h; path = SC_UnitDef.h; sourceTree = "<group>"; };
		1899DE5B1833303B00FB4375 /* SC_UnitSpec.h */ = {isa = PBXFileReference; fileEncoding = 4; lastKnownFileType = sourcecode.c.h; path = SC_UnitSpec.h; sourceTree = "<group>"; };
		1899DE5C1833303B00FB4375 /* SC_WireSpec.h */ = {isa = PBXFileReference; fileEncoding = 4; lastKnownFileType = sourcecode.c.h; path = SC_WireSpec.h; sourceTree = "<group>"; };
		1899DE5E1833303B00FB4375 /* libscsynth.a */ = {isa = PBXFileReference; lastKnownFileType = archive.ar; path = libscsynth.a; sourceTree = "<group>"; };
		1899DE5F1833303B00FB4375 /* libsndfile.a */ = {isa = PBXFileReference; lastKnownFileType = archive.ar; path = libsndfile.a; sourceTree = "<group>"; };
		1899DE611833303C00FB4375 /* ofxSuperColliderServer.cpp */ = {isa = PBXFileReference; fileEncoding = 4; lastKnownFileType = sourcecode.cpp.cpp; path = ofxSuperColliderServer.cpp; sourceTree = "<group>"; };
		1899DE621833303C00FB4375 /* ofxSuperColliderServer.h */ = {isa = PBXFileReference; fileEncoding = 4; lastKnownFileType = sourcecode.c.h; path = ofxSuperColliderServer.h; sourceTree = "<group>"; };
		18F3C89318334AEE00A6D092 /* InfraSonicExampleDebug.app */ = {isa = PBXFileReference; explicitFileType = wrapper.application; includeInIndex = 0; path = InfraSonicExampleDebug.app; sourceTree = BUILT_PRODUCTS_DIR; };
		18F3C8C218334E7A00A6D092 /* Leap.h */ = {isa = PBXFileReference; fileEncoding = 4; lastKnownFileType = sourcecode.c.h; path = Leap.h; sourceTree = "<group>"; };
		18F3C8C318334E7A00A6D092 /* LeapMath.h */ = {isa = PBXFileReference; fileEncoding = 4; lastKnownFileType = sourcecode.c.h; path = LeapMath.h; sourceTree = "<group>"; };
		18F3C8C618334E7A00A6D092 /* libLeap.so */ = {isa = PBXFileReference; lastKnownFileType = file; path = libLeap.so; sourceTree = "<group>"; };
		18F3C8C818334E7A00A6D092 /* libLeap.dylib */ = {isa = PBXFileReference; lastKnownFileType = "compiled.mach-o.dylib"; path = libLeap.dylib; sourceTree = "<group>"; };
		18F3C8CA18334E7A00A6D092 /* Leap.dll */ = {isa = PBXFileReference; lastKnownFileType = file; path = Leap.dll; sourceTree = "<group>"; };
		18F3C8CB18334E7A00A6D092 /* Leap.lib */ = {isa = PBXFileReference; lastKnownFileType = archive.ar; path = Leap.lib; sourceTree = "<group>"; };
		18F3C8CC18334E7A00A6D092 /* Leapd.dll */ = {isa = PBXFileReference; lastKnownFileType = file; path = Leapd.dll; sourceTree = "<group>"; };
		18F3C8CD18334E7A00A6D092 /* Leapd.lib */ = {isa = PBXFileReference; lastKnownFileType = archive.ar; path = Leapd.lib; sourceTree = "<group>"; };
		18F3C8CE18334E7A00A6D092 /* msvcp100.dll */ = {isa = PBXFileReference; lastKnownFileType = file; path = msvcp100.dll; sourceTree = "<group>"; };
		18F3C8CF18334E7A00A6D092 /* msvcp100d.dll */ = {isa = PBXFileReference; lastKnownFileType = file; path = msvcp100d.dll; sourceTree = "<group>"; };
		18F3C8D018334E7A00A6D092 /* msvcr100.dll */ = {isa = PBXFileReference; lastKnownFileType = file; path = msvcr100.dll; sourceTree = "<group>"; };
		18F3C8D118334E7A00A6D092 /* msvcr100d.dll */ = {isa = PBXFileReference; lastKnownFileType = file; path = msvcr100d.dll; sourceTree = "<group>"; };
		18F3C8D518334E7A00A6D092 /* ofxLeapMotion.cpp */ = {isa = PBXFileReference; fileEncoding = 4; lastKnownFileType = sourcecode.cpp.cpp; path = ofxLeapMotion.cpp; sourceTree = "<group>"; };
		18F3C8D618334E7A00A6D092 /* ofxLeapMotion.h */ = {isa = PBXFileReference; fileEncoding = 4; lastKnownFileType = sourcecode.c.h; path = ofxLeapMotion.h; sourceTree = "<group>"; };
		BBAB23BE13894E4700AA2426 /* GLUT.framework */ = {isa = PBXFileReference; lastKnownFileType = wrapper.framework; name = GLUT.framework; path = ../../../libs/glut/lib/osx/GLUT.framework; sourceTree = "<group>"; };
		E4328143138ABC890047C5CB /* openFrameworksLib.xcodeproj */ = {isa = PBXFileReference; lastKnownFileType = "wrapper.pb-project"; name = openFrameworksLib.xcodeproj; path = ../../../libs/openFrameworksCompiled/project/osx/openFrameworksLib.xcodeproj; sourceTree = SOURCE_ROOT; };
		E45BE9710E8CC7DD009D7055 /* AGL.framework */ = {isa = PBXFileReference; lastKnownFileType = wrapper.framework; name = AGL.framework; path = /System/Library/Frameworks/AGL.framework; sourceTree = "<absolute>"; };
		E45BE9720E8CC7DD009D7055 /* ApplicationServices.framework */ = {isa = PBXFileReference; lastKnownFileType = wrapper.framework; name = ApplicationServices.framework; path = /System/Library/Frameworks/ApplicationServices.framework; sourceTree = "<absolute>"; };
		E45BE9730E8CC7DD009D7055 /* AudioToolbox.framework */ = {isa = PBXFileReference; lastKnownFileType = wrapper.framework; name = AudioToolbox.framework; path = /System/Library/Frameworks/AudioToolbox.framework; sourceTree = "<absolute>"; };
		E45BE9740E8CC7DD009D7055 /* Carbon.framework */ = {isa = PBXFileReference; lastKnownFileType = wrapper.framework; name = Carbon.framework; path = /System/Library/Frameworks/Carbon.framework; sourceTree = "<absolute>"; };
		E45BE9750E8CC7DD009D7055 /* CoreAudio.framework */ = {isa = PBXFileReference; lastKnownFileType = wrapper.framework; name = CoreAudio.framework; path = /System/Library/Frameworks/CoreAudio.framework; sourceTree = "<absolute>"; };
		E45BE9760E8CC7DD009D7055 /* CoreFoundation.framework */ = {isa = PBXFileReference; lastKnownFileType = wrapper.framework; name = CoreFoundation.framework; path = /System/Library/Frameworks/CoreFoundation.framework; sourceTree = "<absolute>"; };
		E45BE9770E8CC7DD009D7055 /* CoreServices.framework */ = {isa = PBXFileReference; lastKnownFileType = wrapper.framework; name = CoreServices.framework; path = /System/Library/Frameworks/CoreServices.framework; sourceTree = "<absolute>"; };
		E45BE9790E8CC7DD009D7055 /* OpenGL.framework */ = {isa = PBXFileReference; lastKnownFileType = wrapper.framework; name = OpenGL.framework; path = /System/Library/Frameworks/OpenGL.framework; sourceTree = "<absolute>"; };
		E45BE97A0E8CC7DD009D7055 /* QuickTime.framework */ = {isa = PBXFileReference; lastKnownFileType = wrapper.framework; name = QuickTime.framework; path = /System/Library/Frameworks/QuickTime.framework; sourceTree = "<absolute>"; };
		E4B69E1D0A3A1BDC003C02F2 /* main.cpp */ = {isa = PBXFileReference; fileEncoding = 30; lastKnownFileType = sourcecode.cpp.cpp; name = main.cpp; path = src/main.cpp; sourceTree = SOURCE_ROOT; };
		E4B69E1E0A3A1BDC003C02F2 /* testApp.cpp */ = {isa = PBXFileReference; explicitFileType = sourcecode.cpp.cpp; fileEncoding = 30; name = testApp.cpp; path = src/testApp.cpp; sourceTree = SOURCE_ROOT; };
		E4B69E1F0A3A1BDC003C02F2 /* testApp.h */ = {isa = PBXFileReference; fileEncoding = 30; lastKnownFileType = sourcecode.c.h; name = testApp.h; path = src/testApp.h; sourceTree = SOURCE_ROOT; };
		E4B6FCAD0C3E899E008CF71C /* openFrameworks-Info.plist */ = {isa = PBXFileReference; fileEncoding = 30; lastKnownFileType = text.plist.xml; path = "openFrameworks-Info.plist"; sourceTree = "<group>"; };
		E4C2424410CC5A17004149E2 /* AppKit.framework */ = {isa = PBXFileReference; lastKnownFileType = wrapper.framework; name = AppKit.framework; path = /System/Library/Frameworks/AppKit.framework; sourceTree = "<absolute>"; };
		E4C2424510CC5A17004149E2 /* Cocoa.framework */ = {isa = PBXFileReference; lastKnownFileType = wrapper.framework; name = Cocoa.framework; path = /System/Library/Frameworks/Cocoa.framework; sourceTree = "<absolute>"; };
		E4C2424610CC5A17004149E2 /* IOKit.framework */ = {isa = PBXFileReference; lastKnownFileType = wrapper.framework; name = IOKit.framework; path = /System/Library/Frameworks/IOKit.framework; sourceTree = "<absolute>"; };
		E4EB691F138AFCF100A09F29 /* CoreOF.xcconfig */ = {isa = PBXFileReference; fileEncoding = 4; lastKnownFileType = text.xcconfig; name = CoreOF.xcconfig; path = ../../../libs/openFrameworksCompiled/project/osx/CoreOF.xcconfig; sourceTree = SOURCE_ROOT; };
		E4EB6923138AFD0F00A09F29 /* Project.xcconfig */ = {isa = PBXFileReference; fileEncoding = 4; lastKnownFileType = text.xcconfig; path = Project.xcconfig; sourceTree = "<group>"; };
		E7E077E415D3B63C0020DFD4 /* CoreVideo.framework */ = {isa = PBXFileReference; lastKnownFileType = wrapper.framework; name = CoreVideo.framework; path = /System/Library/Frameworks/CoreVideo.framework; sourceTree = "<absolute>"; };
		E7E077E715D3B6510020DFD4 /* QTKit.framework */ = {isa = PBXFileReference; lastKnownFileType = wrapper.framework; name = QTKit.framework; path = /System/Library/Frameworks/QTKit.framework; sourceTree = "<absolute>"; };
		E7F985F515E0DE99003869B5 /* Accelerate.framework */ = {isa = PBXFileReference; lastKnownFileType = wrapper.framework; name = Accelerate.framework; path = /System/Library/Frameworks/Accelerate.framework; sourceTree = "<absolute>"; };
/* End PBXFileReference section */

/* Begin PBXFrameworksBuildPhase section */
		E4B69B590A3A1756003C02F2 /* Frameworks */ = {
			isa = PBXFrameworksBuildPhase;
			buildActionMask = 2147483647;
			files = (
				18F3C8E018334E7A00A6D092 /* Leapd.lib in Frameworks */,
				E7F985F815E0DEA3003869B5 /* Accelerate.framework in Frameworks */,
				E7E077E815D3B6510020DFD4 /* QTKit.framework in Frameworks */,
				E4EB6799138ADC1D00A09F29 /* GLUT.framework in Frameworks */,
				E4328149138ABC9F0047C5CB /* openFrameworksDebug.a in Frameworks */,
				E45BE97B0E8CC7DD009D7055 /* AGL.framework in Frameworks */,
				E45BE97C0E8CC7DD009D7055 /* ApplicationServices.framework in Frameworks */,
				E45BE97D0E8CC7DD009D7055 /* AudioToolbox.framework in Frameworks */,
				E45BE97E0E8CC7DD009D7055 /* Carbon.framework in Frameworks */,
				E45BE97F0E8CC7DD009D7055 /* CoreAudio.framework in Frameworks */,
				E45BE9800E8CC7DD009D7055 /* CoreFoundation.framework in Frameworks */,
				1899DF5D1833303C00FB4375 /* libscsynth.a in Frameworks */,
				1899DF5E1833303C00FB4375 /* libsndfile.a in Frameworks */,
				18F3C8DE18334E7A00A6D092 /* libLeap.dylib in Frameworks */,
				18F3C8DF18334E7A00A6D092 /* Leap.lib in Frameworks */,
				E45BE9810E8CC7DD009D7055 /* CoreServices.framework in Frameworks */,
				E45BE9830E8CC7DD009D7055 /* OpenGL.framework in Frameworks */,
				E45BE9840E8CC7DD009D7055 /* QuickTime.framework in Frameworks */,
				E4C2424710CC5A17004149E2 /* AppKit.framework in Frameworks */,
				E4C2424810CC5A17004149E2 /* Cocoa.framework in Frameworks */,
				E4C2424910CC5A17004149E2 /* IOKit.framework in Frameworks */,
				E7E077E515D3B63C0020DFD4 /* CoreVideo.framework in Frameworks */,
			);
			runOnlyForDeploymentPostprocessing = 0;
		};
/* End PBXFrameworksBuildPhase section */

/* Begin PBXGroup section */
		1899B3F318330B8C00FB4375 /* ofxGui */ = {
			isa = PBXGroup;
			children = (
				1899B3F418330B8C00FB4375 /* src */,
			);
			name = ofxGui;
			path = ../../../addons/ofxGui;
			sourceTree = "<group>";
		};
		1899B3F418330B8C00FB4375 /* src */ = {
			isa = PBXGroup;
			children = (
				1899B3F518330B8C00FB4375 /* ofxBaseGui.cpp */,
				1899B3F618330B8C00FB4375 /* ofxBaseGui.h */,
				1899B3F718330B8C00FB4375 /* ofxButton.cpp */,
				1899B3F818330B8C00FB4375 /* ofxButton.h */,
				1899B3F918330B8C00FB4375 /* ofxGui.h */,
				1899B3FA18330B8C00FB4375 /* ofxGuiGroup.cpp */,
				1899B3FB18330B8C00FB4375 /* ofxGuiGroup.h */,
				1899B3FC18330B8C00FB4375 /* ofxLabel.cpp */,
				1899B3FD18330B8C00FB4375 /* ofxLabel.h */,
				1899B3FE18330B8C00FB4375 /* ofxPanel.cpp */,
				1899B3FF18330B8C00FB4375 /* ofxPanel.h */,
				1899B40018330B8C00FB4375 /* ofxSlider.cpp */,
				1899B40118330B8C00FB4375 /* ofxSlider.h */,
				1899B40218330B8C00FB4375 /* ofxSliderGroup.cpp */,
				1899B40318330B8C00FB4375 /* ofxSliderGroup.h */,
				1899B40418330B8C00FB4375 /* ofxToggle.cpp */,
				1899B40518330B8C00FB4375 /* ofxToggle.h */,
			);
			path = src;
			sourceTree = "<group>";
		};
		1899B40E18330B9D00FB4375 /* ofxStateMachine */ = {
			isa = PBXGroup;
			children = (
				1899B42618330B9D00FB4375 /* src */,
			);
			name = ofxStateMachine;
			path = ../../../addons/ofxStateMachine;
			sourceTree = "<group>";
		};
		1899B42618330B9D00FB4375 /* src */ = {
			isa = PBXGroup;
			children = (
				1899B42718330B9D00FB4375 /* ofxState.h */,
				1899B42818330B9D00FB4375 /* ofxStateMachine.h */,
			);
			path = src;
			sourceTree = "<group>";
		};
		1899B5FD18332B4000FB4375 /* ofxSuperCollider */ = {
			isa = PBXGroup;
			children = (
				1899B60818332B4000FB4375 /* src */,
			);
			name = ofxSuperCollider;
			path = ../../../addons/ofxSuperCollider;
			sourceTree = "<group>";
		};
		1899B60818332B4000FB4375 /* src */ = {
			isa = PBXGroup;
			children = (
				1899B60918332B4000FB4375 /* ofxSCBuffer.cpp */,
				1899B60A18332B4000FB4375 /* ofxSCBuffer.h */,
				1899B60B18332B4000FB4375 /* ofxSCBus.cpp */,
				1899B60C18332B4000FB4375 /* ofxSCBus.h */,
				1899B60D18332B4000FB4375 /* ofxSCGroup.cpp */,
				1899B60E18332B4000FB4375 /* ofxSCGroup.h */,
				1899B60F18332B4000FB4375 /* ofxSCNode.cpp */,
				1899B61018332B4000FB4375 /* ofxSCNode.h */,
				1899B61118332B4000FB4375 /* ofxSCResourceAllocator.cpp */,
				1899B61218332B4000FB4375 /* ofxSCResourceAllocator.h */,
				1899B61318332B4000FB4375 /* ofxSCServer.cpp */,
				1899B61418332B4000FB4375 /* ofxSCServer.h */,
				1899B61518332B4000FB4375 /* ofxSCSynth.cpp */,
				1899B61618332B4000FB4375 /* ofxSCSynth.h */,
				1899B61718332B4000FB4375 /* ofxSuperCollider.h */,
			);
			path = src;
			sourceTree = "<group>";
		};
		1899CADD18332D9800FB4375 /* ofxOsc */ = {
			isa = PBXGroup;
			children = (
				1899CADE18332D9800FB4375 /* libs */,
				1899CAFB18332D9800FB4375 /* src */,
			);
			name = ofxOsc;
			path = ../../../addons/ofxOsc;
			sourceTree = "<group>";
		};
		1899CADE18332D9800FB4375 /* libs */ = {
			isa = PBXGroup;
			children = (
				1899CADF18332D9800FB4375 /* oscpack */,
			);
			path = libs;
			sourceTree = "<group>";
		};
		1899CADF18332D9800FB4375 /* oscpack */ = {
			isa = PBXGroup;
			children = (
				1899CAE018332D9800FB4375 /* src */,
			);
			path = oscpack;
			sourceTree = "<group>";
		};
		1899CAE018332D9800FB4375 /* src */ = {
			isa = PBXGroup;
			children = (
				1899CAE118332D9800FB4375 /* ip */,
				1899CAEE18332D9800FB4375 /* osc */,
			);
			path = src;
			sourceTree = "<group>";
		};
		1899CAE118332D9800FB4375 /* ip */ = {
			isa = PBXGroup;
			children = (
				1899CAE218332D9800FB4375 /* IpEndpointName.cpp */,
				1899CAE318332D9800FB4375 /* IpEndpointName.h */,
				1899CAE418332D9800FB4375 /* NetworkingUtils.h */,
				1899CAE518332D9800FB4375 /* PacketListener.h */,
				1899CAE618332D9800FB4375 /* posix */,
				1899CAE918332D9800FB4375 /* TimerListener.h */,
				1899CAEA18332D9800FB4375 /* UdpSocket.h */,
				1899CAEB18332D9800FB4375 /* win32 */,
			);
			path = ip;
			sourceTree = "<group>";
		};
		1899CAE618332D9800FB4375 /* posix */ = {
			isa = PBXGroup;
			children = (
				1899CAE718332D9800FB4375 /* NetworkingUtils.cpp */,
				1899CAE818332D9800FB4375 /* UdpSocket.cpp */,
			);
			path = posix;
			sourceTree = "<group>";
		};
		1899CAEB18332D9800FB4375 /* win32 */ = {
			isa = PBXGroup;
			children = (
				1899CAEC18332D9800FB4375 /* NetworkingUtilsWin.cpp */,
				1899CAED18332D9800FB4375 /* UdpSocketWin.cpp */,
			);
			path = win32;
			sourceTree = "<group>";
		};
		1899CAEE18332D9800FB4375 /* osc */ = {
			isa = PBXGroup;
			children = (
				1899CAEF18332D9800FB4375 /* MessageMappingOscPacketListener.h */,
				1899CAF018332D9800FB4375 /* OscException.h */,
				1899CAF118332D9800FB4375 /* OscHostEndianness.h */,
				1899CAF218332D9800FB4375 /* OscOutboundPacketStream.cpp */,
				1899CAF318332D9800FB4375 /* OscOutboundPacketStream.h */,
				1899CAF418332D9800FB4375 /* OscPacketListener.h */,
				1899CAF518332D9800FB4375 /* OscPrintReceivedElements.cpp */,
				1899CAF618332D9800FB4375 /* OscPrintReceivedElements.h */,
				1899CAF718332D9800FB4375 /* OscReceivedElements.cpp */,
				1899CAF818332D9800FB4375 /* OscReceivedElements.h */,
				1899CAF918332D9800FB4375 /* OscTypes.cpp */,
				1899CAFA18332D9800FB4375 /* OscTypes.h */,
			);
			path = osc;
			sourceTree = "<group>";
		};
		1899CAFB18332D9800FB4375 /* src */ = {
			isa = PBXGroup;
			children = (
				1899CAFC18332D9800FB4375 /* ofxOsc.h */,
				1899CAFD18332D9800FB4375 /* ofxOscArg.h */,
				1899CAFE18332D9800FB4375 /* ofxOscBundle.cpp */,
				1899CAFF18332D9800FB4375 /* ofxOscBundle.h */,
				1899CB0018332D9800FB4375 /* ofxOscMessage.cpp */,
				1899CB0118332D9800FB4375 /* ofxOscMessage.h */,
				1899CB0218332D9800FB4375 /* ofxOscParameterSync.cpp */,
				1899CB0318332D9800FB4375 /* ofxOscParameterSync.h */,
				1899CB0418332D9800FB4375 /* ofxOscReceiver.cpp */,
				1899CB0518332D9800FB4375 /* ofxOscReceiver.h */,
				1899CB0618332D9800FB4375 /* ofxOscSender.cpp */,
				1899CB0718332D9800FB4375 /* ofxOscSender.h */,
			);
			path = src;
			sourceTree = "<group>";
		};
		1899CB161833302500FB4375 /* ofxSuperColliderServer */ = {
			isa = PBXGroup;
			children = (
				1899DE131833303B00FB4375 /* libs */,
				1899DE601833303B00FB4375 /* src */,
			);
			name = ofxSuperColliderServer;
			path = ../../../addons/ofxSuperColliderServer;
			sourceTree = "<group>";
		};
		1899DE131833303B00FB4375 /* libs */ = {
			isa = PBXGroup;
			children = (
				1899DE141833303B00FB4375 /* supercollider */,
			);
			path = libs;
			sourceTree = "<group>";
		};
		1899DE141833303B00FB4375 /* supercollider */ = {
			isa = PBXGroup;
			children = (
				1899DE151833303B00FB4375 /* include */,
				1899DE5D1833303B00FB4375 /* lib */,
			);
			path = supercollider;
			sourceTree = "<group>";
		};
		1899DE151833303B00FB4375 /* include */ = {
			isa = PBXGroup;
			children = (
				1899DE161833303B00FB4375 /* common */,
				1899DE281833303B00FB4375 /* plugin_interface */,
				1899DE411833303B00FB4375 /* server */,
			);
			path = include;
			sourceTree = "<group>";
		};
		1899DE161833303B00FB4375 /* common */ = {
			isa = PBXGroup;
			children = (
				1899DE171833303B00FB4375 /* dfftlib.h */,
				1899DE181833303B00FB4375 /* fftlib.h */,
				1899DE191833303B00FB4375 /* SC_AllocPool.h */,
				1899DE1A1833303B00FB4375 /* SC_Altivec.h */,
				1899DE1B1833303B00FB4375 /* SC_DirUtils.h */,
				1899DE1C1833303B00FB4375 /* SC_Endian.h */,
				1899DE1D1833303B00FB4375 /* SC_fftlib.h */,
				1899DE1E1833303B00FB4375 /* SC_FIFO.h */,
				1899DE1F1833303B00FB4375 /* sc_popen.h */,
				1899DE201833303B00FB4375 /* SC_Reply.h */,
				1899DE211833303B00FB4375 /* SC_Sem.h */,
				1899DE221833303B00FB4375 /* SC_StandAloneInfo_Darwin.h */,
				1899DE231833303B00FB4375 /* SC_StringBuffer.h */,
				1899DE241833303B00FB4375 /* SC_StringParser.h */,
				1899DE251833303B00FB4375 /* SC_VFP11.h */,
				1899DE261833303B00FB4375 /* SC_Win32Utils.h */,
				1899DE271833303B00FB4375 /* scsynthsend.h */,
			);
			path = common;
			sourceTree = "<group>";
		};
		1899DE281833303B00FB4375 /* plugin_interface */ = {
			isa = PBXGroup;
			children = (
				1899DE291833303B00FB4375 /* clz.h */,
				1899DE2A1833303B00FB4375 /* Hash.h */,
				1899DE2B1833303B00FB4375 /* SC_BoundsMacros.h */,
				1899DE2C1833303B00FB4375 /* SC_BufGen.h */,
				1899DE2D1833303B00FB4375 /* SC_Constants.h */,
				1899DE2E1833303B00FB4375 /* SC_DemandUnit.h */,
				1899DE2F1833303B00FB4375 /* SC_FifoMsg.h */,
				1899DE301833303B00FB4375 /* SC_Graph.h */,
				1899DE311833303B00FB4375 /* SC_InlineBinaryOp.h */,
				1899DE321833303B00FB4375 /* SC_InlineUnaryOp.h */,
				1899DE331833303B00FB4375 /* SC_InterfaceTable.h */,
				1899DE341833303B00FB4375 /* sc_msg_iter.h */,
				1899DE351833303B00FB4375 /* SC_Node.h */,
				1899DE361833303B00FB4375 /* SC_PlugIn.h */,
				1899DE371833303B00FB4375 /* SC_Rate.h */,
				1899DE381833303B00FB4375 /* SC_RGen.h */,
				1899DE391833303B00FB4375 /* SC_SndBuf.h */,
				1899DE3A1833303B00FB4375 /* SC_sndfile_stub.h */,
				1899DE3B1833303B00FB4375 /* SC_Types.h */,
				1899DE3C1833303B00FB4375 /* SC_Unit.h */,
				1899DE3D1833303B00FB4375 /* SC_Wire.h */,
				1899DE3E1833303B00FB4375 /* SC_World.h */,
				1899DE3F1833303B00FB4375 /* SC_WorldOptions.h */,
				1899DE401833303B00FB4375 /* Unroll.h */,
			);
			path = plugin_interface;
			sourceTree = "<group>";
		};
		1899DE411833303B00FB4375 /* server */ = {
			isa = PBXGroup;
			children = (
				1899DE421833303B00FB4375 /* HashTable.h */,
				1899DE431833303B00FB4375 /* MsgFifo.h */,
				1899DE441833303B00FB4375 /* OSC_Packet.h */,
				1899DE451833303B00FB4375 /* PriorityQueue.h */,
				1899DE461833303B00FB4375 /* ReadWriteMacros.h */,
				1899DE471833303B00FB4375 /* Rendezvous.h */,
				1899DE481833303B00FB4375 /* SC_AU.h */,
				1899DE491833303B00FB4375 /* SC_Complex.h */,
				1899DE4A1833303B00FB4375 /* SC_ComPort.h */,
				1899DE4B1833303B00FB4375 /* SC_CoreAudio.h */,
				1899DE4C1833303B00FB4375 /* SC_Errors.h */,
				1899DE4D1833303B00FB4375 /* SC_GraphDef.h */,
				1899DE4E1833303B00FB4375 /* SC_Group.h */,
				1899DE4F1833303B00FB4375 /* SC_HiddenWorld.h */,
				1899DE501833303B00FB4375 /* SC_Lib.h */,
				1899DE511833303B00FB4375 /* SC_Lib_Cintf.h */,
				1899DE521833303B00FB4375 /* SC_List.h */,
				1899DE531833303B00FB4375 /* SC_Lock.h */,
				1899DE541833303B00FB4375 /* SC_Prototypes.h */,
				1899DE551833303B00FB4375 /* SC_Samp.h */,
				1899DE561833303B00FB4375 /* SC_SequencedCommand.h */,
				1899DE571833303B00FB4375 /* SC_Str4.h */,
				1899DE581833303B00FB4375 /* SC_SyncCondition.h */,
				1899DE591833303B00FB4375 /* SC_SynthDef.h */,
				1899DE5A1833303B00FB4375 /* SC_UnitDef.h */,
				1899DE5B1833303B00FB4375 /* SC_UnitSpec.h */,
				1899DE5C1833303B00FB4375 /* SC_WireSpec.h */,
			);
			path = server;
			sourceTree = "<group>";
		};
		1899DE5D1833303B00FB4375 /* lib */ = {
			isa = PBXGroup;
			children = (
				1899DE5E1833303B00FB4375 /* libscsynth.a */,
				1899DE5F1833303B00FB4375 /* libsndfile.a */,
			);
			path = lib;
			sourceTree = "<group>";
		};
		1899DE601833303B00FB4375 /* src */ = {
			isa = PBXGroup;
			children = (
				1899DE611833303C00FB4375 /* ofxSuperColliderServer.cpp */,
				1899DE621833303C00FB4375 /* ofxSuperColliderServer.h */,
			);
			path = src;
			sourceTree = "<group>";
		};
		18F3C89418334E7A00A6D092 /* ofxLeapMotion */ = {
			isa = PBXGroup;
			children = (
				18F3C8C018334E7A00A6D092 /* libs */,
				18F3C8D418334E7A00A6D092 /* src */,
			);
			name = ofxLeapMotion;
			path = ../../../addons/ofxLeapMotion;
			sourceTree = "<group>";
		};
		18F3C8C018334E7A00A6D092 /* libs */ = {
			isa = PBXGroup;
			children = (
				18F3C8C118334E7A00A6D092 /* include */,
				18F3C8C418334E7A00A6D092 /* lib */,
			);
			path = libs;
			sourceTree = "<group>";
		};
		18F3C8C118334E7A00A6D092 /* include */ = {
			isa = PBXGroup;
			children = (
				18F3C8C218334E7A00A6D092 /* Leap.h */,
				18F3C8C318334E7A00A6D092 /* LeapMath.h */,
			);
			path = include;
			sourceTree = "<group>";
		};
		18F3C8C418334E7A00A6D092 /* lib */ = {
			isa = PBXGroup;
			children = (
				18F3C8C518334E7A00A6D092 /* linux */,
				18F3C8C718334E7A00A6D092 /* osx */,
				18F3C8C918334E7A00A6D092 /* winvs */,
			);
			path = lib;
			sourceTree = "<group>";
		};
		18F3C8C518334E7A00A6D092 /* linux */ = {
			isa = PBXGroup;
			children = (
				18F3C8C618334E7A00A6D092 /* libLeap.so */,
			);
			path = linux;
			sourceTree = "<group>";
		};
		18F3C8C718334E7A00A6D092 /* osx */ = {
			isa = PBXGroup;
			children = (
				18F3C8C818334E7A00A6D092 /* libLeap.dylib */,
			);
			path = osx;
			sourceTree = "<group>";
		};
		18F3C8C918334E7A00A6D092 /* winvs */ = {
			isa = PBXGroup;
			children = (
				18F3C8CA18334E7A00A6D092 /* Leap.dll */,
				18F3C8CB18334E7A00A6D092 /* Leap.lib */,
				18F3C8CC18334E7A00A6D092 /* Leapd.dll */,
				18F3C8CD18334E7A00A6D092 /* Leapd.lib */,
				18F3C8CE18334E7A00A6D092 /* msvcp100.dll */,
				18F3C8CF18334E7A00A6D092 /* msvcp100d.dll */,
				18F3C8D018334E7A00A6D092 /* msvcr100.dll */,
				18F3C8D118334E7A00A6D092 /* msvcr100d.dll */,
			);
			path = winvs;
			sourceTree = "<group>";
		};
		18F3C8D418334E7A00A6D092 /* src */ = {
			isa = PBXGroup;
			children = (
				18F3C8D518334E7A00A6D092 /* ofxLeapMotion.cpp */,
				18F3C8D618334E7A00A6D092 /* ofxLeapMotion.h */,
			);
			path = src;
			sourceTree = "<group>";
		};
		BB4B014C10F69532006C3DED /* addons */ = {
			isa = PBXGroup;
			children = (
				18F3C89418334E7A00A6D092 /* ofxLeapMotion */,
				1899CB161833302500FB4375 /* ofxSuperColliderServer */,
				1899CADD18332D9800FB4375 /* ofxOsc */,
				1899B5FD18332B4000FB4375 /* ofxSuperCollider */,
				1899B40E18330B9D00FB4375 /* ofxStateMachine */,
				1899B3F318330B8C00FB4375 /* ofxGui */,
			);
			name = addons;
			sourceTree = "<group>";
		};
		BBAB23C913894ECA00AA2426 /* system frameworks */ = {
			isa = PBXGroup;
			children = (
				E7F985F515E0DE99003869B5 /* Accelerate.framework */,
				E4C2424410CC5A17004149E2 /* AppKit.framework */,
				E4C2424510CC5A17004149E2 /* Cocoa.framework */,
				E4C2424610CC5A17004149E2 /* IOKit.framework */,
				E45BE9710E8CC7DD009D7055 /* AGL.framework */,
				E45BE9720E8CC7DD009D7055 /* ApplicationServices.framework */,
				E45BE9730E8CC7DD009D7055 /* AudioToolbox.framework */,
				E45BE9740E8CC7DD009D7055 /* Carbon.framework */,
				E45BE9750E8CC7DD009D7055 /* CoreAudio.framework */,
				E45BE9760E8CC7DD009D7055 /* CoreFoundation.framework */,
				E45BE9770E8CC7DD009D7055 /* CoreServices.framework */,
				E45BE9790E8CC7DD009D7055 /* OpenGL.framework */,
				E45BE97A0E8CC7DD009D7055 /* QuickTime.framework */,
				E7E077E415D3B63C0020DFD4 /* CoreVideo.framework */,
				E7E077E715D3B6510020DFD4 /* QTKit.framework */,
			);
			name = "system frameworks";
			sourceTree = "<group>";
		};
		BBAB23CA13894EDB00AA2426 /* 3rd party frameworks */ = {
			isa = PBXGroup;
			children = (
				BBAB23BE13894E4700AA2426 /* GLUT.framework */,
			);
			name = "3rd party frameworks";
			sourceTree = "<group>";
		};
		E4328144138ABC890047C5CB /* Products */ = {
			isa = PBXGroup;
			children = (
				E4328148138ABC890047C5CB /* openFrameworksDebug.a */,
			);
			name = Products;
			sourceTree = "<group>";
		};
		E45BE5980E8CC70C009D7055 /* frameworks */ = {
			isa = PBXGroup;
			children = (
				BBAB23CA13894EDB00AA2426 /* 3rd party frameworks */,
				BBAB23C913894ECA00AA2426 /* system frameworks */,
			);
			name = frameworks;
			sourceTree = "<group>";
		};
		E4B69B4A0A3A1720003C02F2 = {
			isa = PBXGroup;
			children = (
				E4B6FCAD0C3E899E008CF71C /* openFrameworks-Info.plist */,
				E4EB6923138AFD0F00A09F29 /* Project.xcconfig */,
				E4B69E1C0A3A1BDC003C02F2 /* src */,
				E4EEC9E9138DF44700A80321 /* openFrameworks */,
				BB4B014C10F69532006C3DED /* addons */,
				E45BE5980E8CC70C009D7055 /* frameworks */,
				18F3C89318334AEE00A6D092 /* InfraSonicExampleDebug.app */,
			);
			sourceTree = "<group>";
		};
		E4B69E1C0A3A1BDC003C02F2 /* src */ = {
			isa = PBXGroup;
			children = (
				E4B69E1D0A3A1BDC003C02F2 /* main.cpp */,
				E4B69E1F0A3A1BDC003C02F2 /* testApp.h */,
				E4B69E1E0A3A1BDC003C02F2 /* testApp.cpp */,
				1899B5F318330C5300FB4375 /* Ripple.h */,
				1899B5F218330C5300FB4375 /* Ripple.cpp */,
				1899B5F518330C8D00FB4375 /* SharedData.h */,
				1899B5F718331A0F00FB4375 /* shader.frag */,
			);
			path = src;
			sourceTree = SOURCE_ROOT;
		};
		E4EEC9E9138DF44700A80321 /* openFrameworks */ = {
			isa = PBXGroup;
			children = (
				E4EB691F138AFCF100A09F29 /* CoreOF.xcconfig */,
				E4328143138ABC890047C5CB /* openFrameworksLib.xcodeproj */,
			);
			name = openFrameworks;
			sourceTree = "<group>";
		};
/* End PBXGroup section */

/* Begin PBXNativeTarget section */
		E4B69B5A0A3A1756003C02F2 /* InfraSonicExample */ = {
			isa = PBXNativeTarget;
			buildConfigurationList = E4B69B5F0A3A1757003C02F2 /* Build configuration list for PBXNativeTarget "InfraSonicExample" */;
			buildPhases = (
				E4B69B580A3A1756003C02F2 /* Sources */,
				E4B69B590A3A1756003C02F2 /* Frameworks */,
				E4B6FFFD0C3F9AB9008CF71C /* ShellScript */,
				E4C2427710CC5ABF004149E2 /* CopyFiles */,
				E478497916928FC00043D6F9 /* CopyFiles */,
			);
			buildRules = (
			);
			dependencies = (
				E4EEB9AC138B136A00A80321 /* PBXTargetDependency */,
			);
			name = InfraSonicExample;
			productName = myOFApp;
			productReference = 18F3C89318334AEE00A6D092 /* InfraSonicExampleDebug.app */;
			productType = "com.apple.product-type.application";
		};
/* End PBXNativeTarget section */

/* Begin PBXProject section */
		E4B69B4C0A3A1720003C02F2 /* Project object */ = {
			isa = PBXProject;
			attributes = {
			};
			buildConfigurationList = E4B69B4D0A3A1720003C02F2 /* Build configuration list for PBXProject "InfraSonic" */;
			compatibilityVersion = "Xcode 2.4";
			developmentRegion = English;
			hasScannedForEncodings = 0;
			knownRegions = (
				English,
				Japanese,
				French,
				German,
			);
			mainGroup = E4B69B4A0A3A1720003C02F2;
			productRefGroup = E4B69B4A0A3A1720003C02F2;
			projectDirPath = "";
			projectReferences = (
				{
					ProductGroup = E4328144138ABC890047C5CB /* Products */;
					ProjectRef = E4328143138ABC890047C5CB /* openFrameworksLib.xcodeproj */;
				},
			);
			projectRoot = "";
			targets = (
				E4B69B5A0A3A1756003C02F2 /* InfraSonicExample */,
			);
		};
/* End PBXProject section */

/* Begin PBXReferenceProxy section */
		E4328148138ABC890047C5CB /* openFrameworksDebug.a */ = {
			isa = PBXReferenceProxy;
			fileType = archive.ar;
			path = openFrameworksDebug.a;
			remoteRef = E4328147138ABC890047C5CB /* PBXContainerItemProxy */;
			sourceTree = BUILT_PRODUCTS_DIR;
		};
/* End PBXReferenceProxy section */

/* Begin PBXShellScriptBuildPhase section */
		E4B6FFFD0C3F9AB9008CF71C /* ShellScript */ = {
			isa = PBXShellScriptBuildPhase;
			buildActionMask = 2147483647;
			files = (
			);
			inputPaths = (
			);
			outputPaths = (
			);
			runOnlyForDeploymentPostprocessing = 0;
			shellPath = /bin/sh;
			shellScript = "cp -f ../../../libs/fmodex/lib/osx/libfmodex.dylib \"$TARGET_BUILD_DIR/$PRODUCT_NAME.app/Contents/MacOS/libfmodex.dylib\"; install_name_tool -change ./libfmodex.dylib @executable_path/libfmodex.dylib \"$TARGET_BUILD_DIR/$PRODUCT_NAME.app/Contents/MacOS/$PRODUCT_NAME\";\n\ncp -f ../../../addons/ofxLeapMotion/libs/lib/osx/libLeap.dylib \"$TARGET_BUILD_DIR/$PRODUCT_NAME.app/Contents/MacOS/libLeap.dylib\"; install_name_tool -change ./libLeap.dylib @executable_path/libLeap.dylib \"$TARGET_BUILD_DIR/$PRODUCT_NAME.app/Contents/MacOS/$PRODUCT_NAME\";";
		};
/* End PBXShellScriptBuildPhase section */

/* Begin PBXSourcesBuildPhase section */
		E4B69B580A3A1756003C02F2 /* Sources */ = {
			isa = PBXSourcesBuildPhase;
			buildActionMask = 2147483647;
			files = (
				1899CB0E18332D9800FB4375 /* OscPrintReceivedElements.cpp in Sources */,
				1899CB1218332D9800FB4375 /* ofxOscMessage.cpp in Sources */,
				18F3C8E118334E7A00A6D092 /* ofxLeapMotion.cpp in Sources */,
				1899C96318332B5600FB4375 /* ofxSCNode.cpp in Sources */,
				1899CB0A18332D9800FB4375 /* UdpSocket.cpp in Sources */,
				1899C96518332B5600FB4375 /* ofxSCServer.cpp in Sources */,
				1899B40D18330B8C00FB4375 /* ofxToggle.cpp in Sources */,
				1899C96418332B5600FB4375 /* ofxSCResourceAllocator.cpp in Sources */,
				1899B40C18330B8C00FB4375 /* ofxSliderGroup.cpp in Sources */,
				1899B40618330B8C00FB4375 /* ofxBaseGui.cpp in Sources */,
				1899B40B18330B8C00FB4375 /* ofxSlider.cpp in Sources */,
				1899B40818330B8C00FB4375 /* ofxGuiGroup.cpp in Sources */,
				1899CB0D18332D9800FB4375 /* OscOutboundPacketStream.cpp in Sources */,
				1899C96018332B5600FB4375 /* ofxSCBuffer.cpp in Sources */,
				1899CB0818332D9800FB4375 /* IpEndpointName.cpp in Sources */,
				1899B40A18330B8C00FB4375 /* ofxPanel.cpp in Sources */,
				1899CB1118332D9800FB4375 /* ofxOscBundle.cpp in Sources */,
				E4B69E200A3A1BDC003C02F2 /* main.cpp in Sources */,
				1899C96618332B5600FB4375 /* ofxSCSynth.cpp in Sources */,
				1899CB1418332D9800FB4375 /* ofxOscReceiver.cpp in Sources */,
				1899CB1518332D9800FB4375 /* ofxOscSender.cpp in Sources */,
				1899B5F818331A0F00FB4375 /* shader.frag in Sources */,
				1899CB0C18332D9800FB4375 /* UdpSocketWin.cpp in Sources */,
				1899B5F418330C5300FB4375 /* Ripple.cpp in Sources */,
				1899CB0B18332D9800FB4375 /* NetworkingUtilsWin.cpp in Sources */,
				1899CB1318332D9800FB4375 /* ofxOscParameterSync.cpp in Sources */,
				1899CB1018332D9800FB4375 /* OscTypes.cpp in Sources */,
				1899CB0F18332D9800FB4375 /* OscReceivedElements.cpp in Sources */,
				E4B69E210A3A1BDC003C02F2 /* testApp.cpp in Sources */,
				1899C96218332B5600FB4375 /* ofxSCGroup.cpp in Sources */,
				1899B40918330B8C00FB4375 /* ofxLabel.cpp in Sources */,
				1899DF5F1833303C00FB4375 /* ofxSuperColliderServer.cpp in Sources */,
				1899C96118332B5600FB4375 /* ofxSCBus.cpp in Sources */,
				1899CB0918332D9800FB4375 /* NetworkingUtils.cpp in Sources */,
				1899B40718330B8C00FB4375 /* ofxButton.cpp in Sources */,
			);
			runOnlyForDeploymentPostprocessing = 0;
		};
/* End PBXSourcesBuildPhase section */

/* Begin PBXTargetDependency section */
		E4EEB9AC138B136A00A80321 /* PBXTargetDependency */ = {
			isa = PBXTargetDependency;
			name = openFrameworks;
			targetProxy = E4EEB9AB138B136A00A80321 /* PBXContainerItemProxy */;
		};
/* End PBXTargetDependency section */

/* Begin XCBuildConfiguration section */
		E4B69B4E0A3A1720003C02F2 /* Debug */ = {
			isa = XCBuildConfiguration;
			baseConfigurationReference = E4EB6923138AFD0F00A09F29 /* Project.xcconfig */;
			buildSettings = {
				ARCHS = "$(ARCHS_STANDARD_32_BIT_PRE_XCODE_3_1)";
				ARCHS_STANDARD_32_BIT_PRE_XCODE_3_1 = i386;
				CONFIGURATION_BUILD_DIR = "$(SRCROOT)/bin/";
				COPY_PHASE_STRIP = NO;
				DEAD_CODE_STRIPPING = YES;
				GCC_AUTO_VECTORIZATION = YES;
				GCC_ENABLE_SSE3_EXTENSIONS = YES;
				GCC_ENABLE_SUPPLEMENTAL_SSE3_INSTRUCTIONS = YES;
				GCC_INLINES_ARE_PRIVATE_EXTERN = NO;
				GCC_OPTIMIZATION_LEVEL = 0;
				GCC_SYMBOLS_PRIVATE_EXTERN = NO;
				GCC_WARN_ABOUT_DEPRECATED_FUNCTIONS = YES;
				GCC_WARN_ABOUT_INVALID_OFFSETOF_MACRO = NO;
				GCC_WARN_ALLOW_INCOMPLETE_PROTOCOL = NO;
				GCC_WARN_UNINITIALIZED_AUTOS = NO;
				GCC_WARN_UNUSED_VALUE = NO;
				GCC_WARN_UNUSED_VARIABLE = NO;
				HEADER_SEARCH_PATHS = (
					"$(OF_CORE_HEADERS)",
					src,
				);
				MACOSX_DEPLOYMENT_TARGET = 10.8;
				OTHER_CPLUSPLUSFLAGS = (
					"-D__MACOSX_CORE__",
					"-lpthread",
					"-mtune=native",
				);
				SDKROOT = macosx;
			};
			name = Debug;
		};
		E4B69B4F0A3A1720003C02F2 /* Release */ = {
			isa = XCBuildConfiguration;
			baseConfigurationReference = E4EB6923138AFD0F00A09F29 /* Project.xcconfig */;
			buildSettings = {
				ARCHS = "$(ARCHS_STANDARD_32_BIT_PRE_XCODE_3_1)";
				ARCHS_STANDARD_32_BIT_PRE_XCODE_3_1 = i386;
				CONFIGURATION_BUILD_DIR = "$(SRCROOT)/bin/";
				COPY_PHASE_STRIP = YES;
				DEAD_CODE_STRIPPING = YES;
				GCC_AUTO_VECTORIZATION = YES;
				GCC_ENABLE_SSE3_EXTENSIONS = YES;
				GCC_ENABLE_SUPPLEMENTAL_SSE3_INSTRUCTIONS = YES;
				GCC_INLINES_ARE_PRIVATE_EXTERN = NO;
				GCC_OPTIMIZATION_LEVEL = 3;
				GCC_SYMBOLS_PRIVATE_EXTERN = NO;
				GCC_UNROLL_LOOPS = YES;
				GCC_WARN_ABOUT_DEPRECATED_FUNCTIONS = YES;
				GCC_WARN_ABOUT_INVALID_OFFSETOF_MACRO = NO;
				GCC_WARN_ALLOW_INCOMPLETE_PROTOCOL = NO;
				GCC_WARN_UNINITIALIZED_AUTOS = NO;
				GCC_WARN_UNUSED_VALUE = NO;
				GCC_WARN_UNUSED_VARIABLE = NO;
				HEADER_SEARCH_PATHS = (
					"$(OF_CORE_HEADERS)",
					src,
				);
				MACOSX_DEPLOYMENT_TARGET = 10.8;
				OTHER_CPLUSPLUSFLAGS = (
					"-D__MACOSX_CORE__",
					"-lpthread",
					"-mtune=native",
				);
				SDKROOT = macosx;
			};
			name = Release;
		};
		E4B69B600A3A1757003C02F2 /* Debug */ = {
			isa = XCBuildConfiguration;
			buildSettings = {
				COPY_PHASE_STRIP = NO;
				FRAMEWORK_SEARCH_PATHS = (
					"$(inherited)",
					"$(FRAMEWORK_SEARCH_PATHS_QUOTED_FOR_TARGET_1)",
				);
				FRAMEWORK_SEARCH_PATHS_QUOTED_FOR_TARGET_1 = "\"$(SRCROOT)/../../../libs/glut/lib/osx\"";
				GCC_DYNAMIC_NO_PIC = NO;
				GCC_ENABLE_FIX_AND_CONTINUE = YES;
				GCC_GENERATE_DEBUGGING_SYMBOLS = YES;
				GCC_MODEL_TUNING = NONE;
				GCC_PRECOMPILE_PREFIX_HEADER = YES;
				GCC_PREFIX_HEADER = "$(SYSTEM_LIBRARY_DIR)/Frameworks/Carbon.framework/Headers/Carbon.h";
				INFOPLIST_FILE = "openFrameworks-Info.plist";
				INSTALL_PATH = "$(HOME)/Applications";
				LIBRARY_SEARCH_PATHS = (
					"$(inherited)",
					"$(LIBRARY_SEARCH_PATHS_QUOTED_FOR_TARGET_1)",
					"$(LIBRARY_SEARCH_PATHS_QUOTED_FOR_TARGET_2)",
					"$(LIBRARY_SEARCH_PATHS_QUOTED_FOR_TARGET_3)",
					"$(LIBRARY_SEARCH_PATHS_QUOTED_FOR_TARGET_4)",
					"$(LIBRARY_SEARCH_PATHS_QUOTED_FOR_TARGET_5)",
					"$(LIBRARY_SEARCH_PATHS_QUOTED_FOR_TARGET_6)",
					"$(LIBRARY_SEARCH_PATHS_QUOTED_FOR_TARGET_7)",
					"$(LIBRARY_SEARCH_PATHS_QUOTED_FOR_TARGET_8)",
					"$(LIBRARY_SEARCH_PATHS_QUOTED_FOR_TARGET_9)",
					"$(LIBRARY_SEARCH_PATHS_QUOTED_FOR_TARGET_10)",
					"$(LIBRARY_SEARCH_PATHS_QUOTED_FOR_TARGET_11)",
					"$(LIBRARY_SEARCH_PATHS_QUOTED_FOR_TARGET_12)",
					"$(LIBRARY_SEARCH_PATHS_QUOTED_FOR_TARGET_13)",
					"$(LIBRARY_SEARCH_PATHS_QUOTED_FOR_TARGET_14)",
					"$(LIBRARY_SEARCH_PATHS_QUOTED_FOR_TARGET_15)",
					"$(LIBRARY_SEARCH_PATHS_QUOTED_FOR_TARGET_2)",
					"$(LIBRARY_SEARCH_PATHS_QUOTED_FOR_TARGET_3)",
					"$(LIBRARY_SEARCH_PATHS_QUOTED_FOR_TARGET_7)",
					"$(LIBRARY_SEARCH_PATHS_QUOTED_FOR_TARGET_8)",
					"$(LIBRARY_SEARCH_PATHS_QUOTED_FOR_TARGET_9)",
					"$(LIBRARY_SEARCH_PATHS_QUOTED_FOR_TARGET_10)",
					"$(LIBRARY_SEARCH_PATHS_QUOTED_FOR_TARGET_11)",
					"$(LIBRARY_SEARCH_PATHS_QUOTED_FOR_TARGET_12)",
					"$(LIBRARY_SEARCH_PATHS_QUOTED_FOR_TARGET_13)",
					"$(LIBRARY_SEARCH_PATHS_QUOTED_FOR_TARGET_16)",
					"$(LIBRARY_SEARCH_PATHS_QUOTED_FOR_TARGET_17)",
					"$(LIBRARY_SEARCH_PATHS_QUOTED_FOR_TARGET_18)",
					"$(LIBRARY_SEARCH_PATHS_QUOTED_FOR_TARGET_19)",
					"$(LIBRARY_SEARCH_PATHS_QUOTED_FOR_TARGET_20)",
					"$(LIBRARY_SEARCH_PATHS_QUOTED_FOR_TARGET_21)",
					"$(LIBRARY_SEARCH_PATHS_QUOTED_FOR_TARGET_22)",
					"$(LIBRARY_SEARCH_PATHS_QUOTED_FOR_TARGET_23)",
					"$(LIBRARY_SEARCH_PATHS_QUOTED_FOR_TARGET_24)",
					"$(LIBRARY_SEARCH_PATHS_QUOTED_FOR_TARGET_25)",
					"$(LIBRARY_SEARCH_PATHS_QUOTED_FOR_TARGET_26)",
					"$(LIBRARY_SEARCH_PATHS_QUOTED_FOR_TARGET_27)",
					"$(LIBRARY_SEARCH_PATHS_QUOTED_FOR_TARGET_28)",
					"$(LIBRARY_SEARCH_PATHS_QUOTED_FOR_TARGET_29)",
					"$(LIBRARY_SEARCH_PATHS_QUOTED_FOR_TARGET_30)",
					"$(LIBRARY_SEARCH_PATHS_QUOTED_FOR_TARGET_31)",
					"$(LIBRARY_SEARCH_PATHS_QUOTED_FOR_TARGET_32)",
					"$(LIBRARY_SEARCH_PATHS_QUOTED_FOR_TARGET_33)",
					"$(LIBRARY_SEARCH_PATHS_QUOTED_FOR_TARGET_34)",
					"$(LIBRARY_SEARCH_PATHS_QUOTED_FOR_TARGET_35)",
					"$(LIBRARY_SEARCH_PATHS_QUOTED_FOR_TARGET_36)",
					"$(LIBRARY_SEARCH_PATHS_QUOTED_FOR_TARGET_37)",
					"$(LIBRARY_SEARCH_PATHS_QUOTED_FOR_TARGET_38)",
					"$(LIBRARY_SEARCH_PATHS_QUOTED_FOR_TARGET_39)",
					"$(LIBRARY_SEARCH_PATHS_QUOTED_FOR_TARGET_40)",
					"$(LIBRARY_SEARCH_PATHS_QUOTED_FOR_TARGET_41)",
					"$(LIBRARY_SEARCH_PATHS_QUOTED_FOR_TARGET_42)",
					"$(LIBRARY_SEARCH_PATHS_QUOTED_FOR_TARGET_43)",
					"$(LIBRARY_SEARCH_PATHS_QUOTED_FOR_TARGET_44)",
					"$(LIBRARY_SEARCH_PATHS_QUOTED_FOR_TARGET_45)",
					"$(LIBRARY_SEARCH_PATHS_QUOTED_FOR_TARGET_46)",
					"$(LIBRARY_SEARCH_PATHS_QUOTED_FOR_TARGET_47)",
					"$(LIBRARY_SEARCH_PATHS_QUOTED_FOR_TARGET_48)",
					"$(LIBRARY_SEARCH_PATHS_QUOTED_FOR_TARGET_49)",
					"$(LIBRARY_SEARCH_PATHS_QUOTED_FOR_TARGET_50)",
					"$(LIBRARY_SEARCH_PATHS_QUOTED_FOR_TARGET_51)",
					"$(LIBRARY_SEARCH_PATHS_QUOTED_FOR_TARGET_52)",
					"$(LIBRARY_SEARCH_PATHS_QUOTED_FOR_TARGET_1)",
					"$(LIBRARY_SEARCH_PATHS_QUOTED_FOR_TARGET_2)",
					"$(LIBRARY_SEARCH_PATHS_QUOTED_FOR_TARGET_3)",
					"$(LIBRARY_SEARCH_PATHS_QUOTED_FOR_TARGET_4)",
					"$(LIBRARY_SEARCH_PATHS_QUOTED_FOR_TARGET_5)",
					"$(LIBRARY_SEARCH_PATHS_QUOTED_FOR_TARGET_6)",
					"$(LIBRARY_SEARCH_PATHS_QUOTED_FOR_TARGET_7)",
					"$(LIBRARY_SEARCH_PATHS_QUOTED_FOR_TARGET_8)",
					"/Users/tado/Documents/openFrameworks/of_v0.8.0_osx_release/addons/ofxSuperColliderServer/build_scsynth/SuperCollider-Source/iphone/lib",
					"/Users/tado/Documents/openFrameworks/of_v0.8.0_osx_release/addons/ofxSuperColliderServer/build_scsynth/SuperCollider-Source/mac/lib",
					"/Users/tado/Documents/openFrameworks/of_v0.8.0_osx_release/addons/ofxSuperColliderServer/build_scsynth/SuperCollider-Source/windows/lib",
					/Users/tado/Documents/openFrameworks/of_v0.8.0_osx_release/addons/ofxSuperColliderServer/libs/supercollider/lib,
					/Users/tado/Documents/openFrameworks/of_v0.8.0_osx_release/addons/ofxLeapMotion/libs/lib/osx,
					/Users/tado/Documents/openFrameworks/of_v0.8.0_osx_release/addons/ofxLeapMotion/libs/lib/winvs,
				);
				LIBRARY_SEARCH_PATHS_QUOTED_FOR_TARGET_1 = "\"$(SRCROOT)/src/leap/lib/macosx\"";
				LIBRARY_SEARCH_PATHS_QUOTED_FOR_TARGET_2 = "\"$(SRCROOT)/src/leap/lib/msw\"";
				LIBRARY_SEARCH_PATHS_QUOTED_FOR_TARGET_3 = "\"$(SRCROOT)/Leap_SDK/lib/libc++\"";
				LIBRARY_SEARCH_PATHS_QUOTED_FOR_TARGET_4 = "\"$(SRCROOT)/Leap_SDK/lib\"";
				LIBRARY_SEARCH_PATHS_QUOTED_FOR_TARGET_5 = "\"$(SRCROOT)/src/leap/lib/macosx\"";
				LIBRARY_SEARCH_PATHS_QUOTED_FOR_TARGET_6 = "\"$(SRCROOT)/src/ofxLeapMotion/libs/lib/osx\"";
				LIBRARY_SEARCH_PATHS_QUOTED_FOR_TARGET_7 = "\"$(SRCROOT)/src/ofxLeapMotion/libs/lib/vs2010\"";
				LIBRARY_SEARCH_PATHS_QUOTED_FOR_TARGET_8 = "\"$(SRCROOT)/../../../addons/ofxLeapMotion/libs/lib/osx\"";
				MACOSX_DEPLOYMENT_TARGET = 10.6;
				PREBINDING = NO;
				PRODUCT_NAME = InfraSonicExampleDebug;
				WRAPPER_EXTENSION = app;
			};
			name = Debug;
		};
		E4B69B610A3A1757003C02F2 /* Release */ = {
			isa = XCBuildConfiguration;
			buildSettings = {
				COPY_PHASE_STRIP = YES;
				FRAMEWORK_SEARCH_PATHS = (
					"$(inherited)",
					"$(FRAMEWORK_SEARCH_PATHS_QUOTED_FOR_TARGET_1)",
				);
				FRAMEWORK_SEARCH_PATHS_QUOTED_FOR_TARGET_1 = "\"$(SRCROOT)/../../../libs/glut/lib/osx\"";
				GCC_ENABLE_FIX_AND_CONTINUE = NO;
				GCC_GENERATE_DEBUGGING_SYMBOLS = YES;
				GCC_MODEL_TUNING = NONE;
				GCC_OPTIMIZATION_LEVEL = fast;
				GCC_PRECOMPILE_PREFIX_HEADER = YES;
				GCC_PREFIX_HEADER = "$(SYSTEM_LIBRARY_DIR)/Frameworks/Carbon.framework/Headers/Carbon.h";
				INFOPLIST_FILE = "openFrameworks-Info.plist";
				INSTALL_PATH = "$(HOME)/Applications";
				LIBRARY_SEARCH_PATHS = (
					"$(inherited)",
					"$(LIBRARY_SEARCH_PATHS_QUOTED_FOR_TARGET_1)",
					"$(LIBRARY_SEARCH_PATHS_QUOTED_FOR_TARGET_2)",
					"$(LIBRARY_SEARCH_PATHS_QUOTED_FOR_TARGET_3)",
					"$(LIBRARY_SEARCH_PATHS_QUOTED_FOR_TARGET_4)",
					"$(LIBRARY_SEARCH_PATHS_QUOTED_FOR_TARGET_5)",
					"$(LIBRARY_SEARCH_PATHS_QUOTED_FOR_TARGET_6)",
					"$(LIBRARY_SEARCH_PATHS_QUOTED_FOR_TARGET_7)",
					"$(LIBRARY_SEARCH_PATHS_QUOTED_FOR_TARGET_8)",
					"$(LIBRARY_SEARCH_PATHS_QUOTED_FOR_TARGET_9)",
					"$(LIBRARY_SEARCH_PATHS_QUOTED_FOR_TARGET_10)",
					"$(LIBRARY_SEARCH_PATHS_QUOTED_FOR_TARGET_11)",
					"$(LIBRARY_SEARCH_PATHS_QUOTED_FOR_TARGET_12)",
					"$(LIBRARY_SEARCH_PATHS_QUOTED_FOR_TARGET_13)",
					"$(LIBRARY_SEARCH_PATHS_QUOTED_FOR_TARGET_14)",
					"$(LIBRARY_SEARCH_PATHS_QUOTED_FOR_TARGET_15)",
					"$(LIBRARY_SEARCH_PATHS_QUOTED_FOR_TARGET_2)",
					"$(LIBRARY_SEARCH_PATHS_QUOTED_1)",
					"$(LIBRARY_SEARCH_PATHS_QUOTED_FOR_TARGET_3)",
					"$(LIBRARY_SEARCH_PATHS_QUOTED_FOR_TARGET_7)",
					"$(LIBRARY_SEARCH_PATHS_QUOTED_FOR_TARGET_8)",
					"$(LIBRARY_SEARCH_PATHS_QUOTED_FOR_TARGET_9)",
					"$(LIBRARY_SEARCH_PATHS_QUOTED_FOR_TARGET_10)",
					"$(LIBRARY_SEARCH_PATHS_QUOTED_FOR_TARGET_11)",
					"$(LIBRARY_SEARCH_PATHS_QUOTED_FOR_TARGET_12)",
					"$(LIBRARY_SEARCH_PATHS_QUOTED_FOR_TARGET_13)",
					"$(LIBRARY_SEARCH_PATHS_QUOTED_FOR_TARGET_16)",
					"$(LIBRARY_SEARCH_PATHS_QUOTED_FOR_TARGET_17)",
					"$(LIBRARY_SEARCH_PATHS_QUOTED_FOR_TARGET_18)",
					"$(LIBRARY_SEARCH_PATHS_QUOTED_FOR_TARGET_19)",
					"$(LIBRARY_SEARCH_PATHS_QUOTED_FOR_TARGET_20)",
					"$(LIBRARY_SEARCH_PATHS_QUOTED_FOR_TARGET_21)",
					"$(LIBRARY_SEARCH_PATHS_QUOTED_FOR_TARGET_22)",
					"$(LIBRARY_SEARCH_PATHS_QUOTED_FOR_TARGET_23)",
					"$(LIBRARY_SEARCH_PATHS_QUOTED_FOR_TARGET_24)",
					"$(LIBRARY_SEARCH_PATHS_QUOTED_FOR_TARGET_25)",
					"$(LIBRARY_SEARCH_PATHS_QUOTED_FOR_TARGET_26)",
					"$(LIBRARY_SEARCH_PATHS_QUOTED_FOR_TARGET_27)",
					"$(LIBRARY_SEARCH_PATHS_QUOTED_FOR_TARGET_28)",
					"$(LIBRARY_SEARCH_PATHS_QUOTED_FOR_TARGET_29)",
					"$(LIBRARY_SEARCH_PATHS_QUOTED_FOR_TARGET_30)",
					"$(LIBRARY_SEARCH_PATHS_QUOTED_FOR_TARGET_31)",
					"$(LIBRARY_SEARCH_PATHS_QUOTED_FOR_TARGET_32)",
					"$(LIBRARY_SEARCH_PATHS_QUOTED_FOR_TARGET_33)",
					"$(LIBRARY_SEARCH_PATHS_QUOTED_FOR_TARGET_34)",
					"$(LIBRARY_SEARCH_PATHS_QUOTED_FOR_TARGET_35)",
					"$(LIBRARY_SEARCH_PATHS_QUOTED_FOR_TARGET_36)",
					"$(LIBRARY_SEARCH_PATHS_QUOTED_FOR_TARGET_37)",
					"$(LIBRARY_SEARCH_PATHS_QUOTED_FOR_TARGET_38)",
					"$(LIBRARY_SEARCH_PATHS_QUOTED_FOR_TARGET_39)",
					"$(LIBRARY_SEARCH_PATHS_QUOTED_FOR_TARGET_40)",
					"$(LIBRARY_SEARCH_PATHS_QUOTED_FOR_TARGET_41)",
					"$(LIBRARY_SEARCH_PATHS_QUOTED_FOR_TARGET_42)",
					"$(LIBRARY_SEARCH_PATHS_QUOTED_FOR_TARGET_43)",
					"$(LIBRARY_SEARCH_PATHS_QUOTED_FOR_TARGET_44)",
					"$(LIBRARY_SEARCH_PATHS_QUOTED_FOR_TARGET_45)",
					"$(LIBRARY_SEARCH_PATHS_QUOTED_FOR_TARGET_46)",
					"$(LIBRARY_SEARCH_PATHS_QUOTED_FOR_TARGET_47)",
					"$(LIBRARY_SEARCH_PATHS_QUOTED_FOR_TARGET_48)",
					"$(LIBRARY_SEARCH_PATHS_QUOTED_FOR_TARGET_49)",
					"$(LIBRARY_SEARCH_PATHS_QUOTED_FOR_TARGET_50)",
					"$(LIBRARY_SEARCH_PATHS_QUOTED_FOR_TARGET_51)",
					"$(LIBRARY_SEARCH_PATHS_QUOTED_FOR_TARGET_1)",
					"$(LIBRARY_SEARCH_PATHS_QUOTED_FOR_TARGET_2)",
					"$(LIBRARY_SEARCH_PATHS_QUOTED_FOR_TARGET_3)",
					"$(LIBRARY_SEARCH_PATHS_QUOTED_FOR_TARGET_4)",
					"$(LIBRARY_SEARCH_PATHS_QUOTED_FOR_TARGET_5)",
					"$(LIBRARY_SEARCH_PATHS_QUOTED_1)",
					"$(LIBRARY_SEARCH_PATHS_QUOTED_2)",
					"$(LIBRARY_SEARCH_PATHS_QUOTED_FOR_TARGET_6)",
					"/Users/tado/Documents/openFrameworks/of_v0.8.0_osx_release/addons/ofxSuperColliderServer/build_scsynth/SuperCollider-Source/iphone/lib",
					"/Users/tado/Documents/openFrameworks/of_v0.8.0_osx_release/addons/ofxSuperColliderServer/build_scsynth/SuperCollider-Source/mac/lib",
					"/Users/tado/Documents/openFrameworks/of_v0.8.0_osx_release/addons/ofxSuperColliderServer/build_scsynth/SuperCollider-Source/windows/lib",
					/Users/tado/Documents/openFrameworks/of_v0.8.0_osx_release/addons/ofxSuperColliderServer/libs/supercollider/lib,
					/Users/tado/Documents/openFrameworks/of_v0.8.0_osx_release/addons/ofxLeapMotion/libs/lib/osx,
					/Users/tado/Documents/openFrameworks/of_v0.8.0_osx_release/addons/ofxLeapMotion/libs/lib/winvs,
				);
				LIBRARY_SEARCH_PATHS_QUOTED_1 = "\"$(SRCROOT)/src/ofxLeapMotion/libs/lib/osx\"";
				LIBRARY_SEARCH_PATHS_QUOTED_2 = "\"$(SRCROOT)/src/ofxLeapMotion/libs/lib/vs2010\"";
				LIBRARY_SEARCH_PATHS_QUOTED_FOR_TARGET_1 = "\"$(SRCROOT)/src/leap/lib/macosx\"";
				LIBRARY_SEARCH_PATHS_QUOTED_FOR_TARGET_2 = "\"$(SRCROOT)/src/leap/lib/msw\"";
				LIBRARY_SEARCH_PATHS_QUOTED_FOR_TARGET_3 = "\"$(SRCROOT)/Leap_SDK/lib/libc++\"";
				LIBRARY_SEARCH_PATHS_QUOTED_FOR_TARGET_4 = "\"$(SRCROOT)/Leap_SDK/lib\"";
				LIBRARY_SEARCH_PATHS_QUOTED_FOR_TARGET_5 = "\"$(SRCROOT)/src/leap/lib/macosx\"";
				LIBRARY_SEARCH_PATHS_QUOTED_FOR_TARGET_6 = "\"$(SRCROOT)/../../../addons/ofxLeapMotion/libs/lib/osx\"";
				MACOSX_DEPLOYMENT_TARGET = 10.6;
				PREBINDING = NO;
				PRODUCT_NAME = InfraSonicExample;
				WRAPPER_EXTENSION = app;
			};
			name = Release;
		};
/* End XCBuildConfiguration section */

/* Begin XCConfigurationList section */
		E4B69B4D0A3A1720003C02F2 /* Build configuration list for PBXProject "InfraSonic" */ = {
			isa = XCConfigurationList;
			buildConfigurations = (
				E4B69B4E0A3A1720003C02F2 /* Debug */,
				E4B69B4F0A3A1720003C02F2 /* Release */,
			);
			defaultConfigurationIsVisible = 0;
			defaultConfigurationName = Release;
		};
		E4B69B5F0A3A1757003C02F2 /* Build configuration list for PBXNativeTarget "InfraSonicExample" */ = {
			isa = XCConfigurationList;
			buildConfigurations = (
				E4B69B600A3A1757003C02F2 /* Debug */,
				E4B69B610A3A1757003C02F2 /* Release */,
			);
			defaultConfigurationIsVisible = 0;
			defaultConfigurationName = Release;
		};
/* End XCConfigurationList section */
	};
	rootObject = E4B69B4C0A3A1720003C02F2 /* Project object */;
}
